{
  "object": {
    "pins": [
      {
        "package": "CountedSet",
        "repositoryURL": "https://github.com/jshier/CountedSet",
        "state": {
          "branch": "master",
          "revision": "9da0578bf96929dcca01ca1a8ff3dd9771905bd4",
          "version": null
        }
      },
      {
        "package": "IsNotEmpty",
        "repositoryURL": "https://github.com/SlaunchaMan/IsNotEmpty",
        "state": {
          "branch": null,
          "revision": "57d6ca060e4a1e9bf8ce47738a1ed09f1f951a0e",
          "version": "0.0.1"
        }
      },
      {
        "package": "Regex",
        "repositoryURL": "https://github.com/jshier/Regex",
        "state": {
          "branch": "master",
          "revision": "ee257e563894ad2c7b7046729f84c0bd72d61747",
          "version": null
        }
      },
      {
        "package": "StringDecoder",
        "repositoryURL": "git@github.com:SlaunchaMan/StringDecoder.git",
        "state": {
          "branch": "main",
          "revision": "22f8e1568380a6b8b254e9dab35b89cd5c3ba473",
          "version": null
        }
      },
      {
        "package": "swift-algorithms",
        "repositoryURL": "https://github.com/apple/swift-algorithms",
        "state": {
          "branch": "main",
          "revision": "198eee004eaa34e9e0304ce7188527f1def08023",
          "version": null
        }
      },
      {
        "package": "swift-argument-parser",
        "repositoryURL": "https://github.com/apple/swift-argument-parser",
        "state": {
          "branch": null,
          "revision": "831ed5e860a70e745bc1337830af4786b2576881",
          "version": "0.4.1"
        }
      },
      {
        "package": "swift-collections",
        "repositoryURL": "https://github.com/apple/swift-collections",
        "state": {
          "branch": "main",
          "revision": "bd924007a25488900d2e3f3437a0388a97636020",
          "version": null
        }
      },
      {
        "package": "swift-collections-benchmark",
        "repositoryURL": "https://github.com/apple/swift-collections-benchmark",
        "state": {
          "branch": null,
          "revision": "49297647d1c0855eb33ec18cd6ee1181727c159b",
          "version": "0.0.1"
        }
      },
      {
        "package": "swift-numerics",
        "repositoryURL": "https://github.com/apple/swift-numerics",
        "state": {
          "branch": "main",
          "revision": "f50a1acf2d44da619b95a0e2db97e26b545c6650",
          "version": null
        }
      },
      {
        "package": "swift-se0270-range-set",
        "repositoryURL": "https://github.com/apple/swift-se0270-range-set",
        "state": {
          "branch": "main",
          "revision": "120fc7efe17b11f7eedd94e7a5e1885fc69efb49",
          "version": null
        }
      },
      {
        "package": "swift-system",
        "repositoryURL": "https://github.com/apple/swift-system",
        "state": {
          "branch": null,
          "revision": "8ffa04c0a0592e6f4f9c30926dedd8fa1c5371f9",
          "version": "0.0.1"
        }
      },
      {
        "package": "SwiftGraph",
        "repositoryURL": "https://github.com/davecom/SwiftGraph.git",
        "state": {
          "branch": null,
          "revision": "76b5180a5cc32eda7f5236a756f4c1e0936311c6",
          "version": "3.1.0"
        }
      },
      {
        "package": "VectorMath",
        "repositoryURL": "https://github.com/nicklockwood/VectorMath.git",
        "state": {
          "branch": null,
          "revision": "2de2585f455dc8e15d642ca51b29b1917e68fd1e",
          "version": "0.4.1"
        }
      }
    ]
  },
  "version": 1
}
