{
  "object": {
    "pins": [
      {
        "package": "Regex",
        "repositoryURL": "https://github.com/jshier/Regex",
        "state": {
          "branch": "master",
          "revision": "ee257e563894ad2c7b7046729f84c0bd72d61747",
          "version": null
        }
      },
      {
        "package": "swift-algorithms",
        "repositoryURL": "https://github.com/apple/swift-algorithms",
        "state": {
          "branch": "main",
          "revision": "3864606e00177c3438db075df56659cdfbc01ca8",
          "version": null
        }
      },
      {
        "package": "swift-numerics",
        "repositoryURL": "https://github.com/apple/swift-numerics",
        "state": {
          "branch": "main",
          "revision": "4a2cbc186b1f8cbbc1ace12cef43d65784b2559e",
          "version": null
        }
      },
      {
        "package": "swift-se0270-range-set",
        "repositoryURL": "https://github.com/apple/swift-se0270-range-set",
        "state": {
          "branch": "main",
          "revision": "120fc7efe17b11f7eedd94e7a5e1885fc69efb49",
          "version": null
        }
      },
      {
        "package": "SwiftGraph",
        "repositoryURL": "https://github.com/davecom/SwiftGraph.git",
        "state": {
          "branch": null,
          "revision": "3e9ed26e380b40fcadf80ef5d588829ced251673",
          "version": "3.0.0"
        }
      },
      {
        "package": "VectorMath",
        "repositoryURL": "https://github.com/nicklockwood/VectorMath.git",
        "state": {
          "branch": null,
          "revision": "2de2585f455dc8e15d642ca51b29b1917e68fd1e",
          "version": "0.4.1"
        }
      }
    ]
  },
  "version": 1
}
