// !$*UTF8*$!
{
	archiveVersion = 1;
	classes = {
	};
	objectVersion = 48;
	objects = {

/* Begin PBXBuildFile section */
		31202D961FEF8DE0009B2C2E /* Day24.swift in Sources */ = {isa = PBXBuildFile; fileRef = 31202D951FEF8DE0009B2C2E /* Day24.swift */; };
		313240D31FF0BD3400E3B690 /* Day25.swift in Sources */ = {isa = PBXBuildFile; fileRef = 313240D21FF0BD3400E3B690 /* Day25.swift */; };
		3136B8631FE0D94100CB98FE /* Day5.swift in Sources */ = {isa = PBXBuildFile; fileRef = 3136B8621FE0D94100CB98FE /* Day5.swift */; };
		314051C01FF260B20084D053 /* Day11.swift in Sources */ = {isa = PBXBuildFile; fileRef = 314051BF1FF260B20084D053 /* Day11.swift */; };
		314051C21FF26E4E0084D053 /* Day13.swift in Sources */ = {isa = PBXBuildFile; fileRef = 314051C11FF26E4E0084D053 /* Day13.swift */; };
		314051C41FF2806F0084D053 /* Day14.swift in Sources */ = {isa = PBXBuildFile; fileRef = 314051C31FF2806F0084D053 /* Day14.swift */; };
		314051C61FF29B1C0084D053 /* Day19.swift in Sources */ = {isa = PBXBuildFile; fileRef = 314051C51FF29B1C0084D053 /* Day19.swift */; };
		314051CA1FF2A8AE0084D053 /* Day20.swift in Sources */ = {isa = PBXBuildFile; fileRef = 314051C91FF2A8AE0084D053 /* Day20.swift */; };
		315684C31FE0B101009234CE /* Day3.swift in Sources */ = {isa = PBXBuildFile; fileRef = 315684C21FE0B101009234CE /* Day3.swift */; };
		315B6A0A1FE751430026AF73 /* Day9.swift in Sources */ = {isa = PBXBuildFile; fileRef = 315B6A091FE751430026AF73 /* Day9.swift */; };
		315B6A0C1FE765EC0026AF73 /* Day10.swift in Sources */ = {isa = PBXBuildFile; fileRef = 315B6A0B1FE765EC0026AF73 /* Day10.swift */; };
		315B6A0F1FE77FA40026AF73 /* Day18.swift in Sources */ = {isa = PBXBuildFile; fileRef = 315B6A0E1FE77FA40026AF73 /* Day18.swift */; };
		31635F8C1FE4F5FD004ADA7F /* Day16.swift in Sources */ = {isa = PBXBuildFile; fileRef = 31635F8B1FE4F5FD004ADA7F /* Day16.swift */; };
		318AC32A1FE062A900A98B5E /* main.swift in Sources */ = {isa = PBXBuildFile; fileRef = 318AC3291FE062A900A98B5E /* main.swift */; };
		318AC3311FE062BE00A98B5E /* Day12.swift in Sources */ = {isa = PBXBuildFile; fileRef = 318AC3301FE062BE00A98B5E /* Day12.swift */; };
		318AC3331FE062C700A98B5E /* Helpers.swift in Sources */ = {isa = PBXBuildFile; fileRef = 318AC3321FE062C700A98B5E /* Helpers.swift */; };
		319347291FE0897B00D4EC4F /* Day1.swift in Sources */ = {isa = PBXBuildFile; fileRef = 319347281FE0897B00D4EC4F /* Day1.swift */; };
		3193472B1FE0899B00D4EC4F /* Day.swift in Sources */ = {isa = PBXBuildFile; fileRef = 3193472A1FE0899B00D4EC4F /* Day.swift */; };
		3193472D1FE0AA2000D4EC4F /* Day2.swift in Sources */ = {isa = PBXBuildFile; fileRef = 3193472C1FE0AA2000D4EC4F /* Day2.swift */; };
		31A87E1C1FE4879600FF85D3 /* Day15.swift in Sources */ = {isa = PBXBuildFile; fileRef = 31A87E1B1FE4879600FF85D3 /* Day15.swift */; };
		31A87E201FE4964700FF85D3 /* Day4.swift in Sources */ = {isa = PBXBuildFile; fileRef = 31A87E1F1FE4964700FF85D3 /* Day4.swift */; };
		31A87E281FE49F9500FF85D3 /* Day7.swift in Sources */ = {isa = PBXBuildFile; fileRef = 31A87E271FE49F9500FF85D3 /* Day7.swift */; };
		31A87E2A1FE4A9A200FF85D3 /* Day8.swift in Sources */ = {isa = PBXBuildFile; fileRef = 31A87E291FE4A9A200FF85D3 /* Day8.swift */; };
		31D3B3BC1FEE19C70002648A /* Day23.swift in Sources */ = {isa = PBXBuildFile; fileRef = 31D3B3BB1FEE19C70002648A /* Day23.swift */; };
		31DE12B91FE6281500C48F43 /* Day6.swift in Sources */ = {isa = PBXBuildFile; fileRef = 31DE12B81FE6281500C48F43 /* Day6.swift */; };
		31DE12BC1FE631C600C48F43 /* Day17.swift in Sources */ = {isa = PBXBuildFile; fileRef = 31DE12BB1FE631C600C48F43 /* Day17.swift */; };
		31F7E4F91FEDBD9C00B397E8 /* Day22.swift in Sources */ = {isa = PBXBuildFile; fileRef = 31F7E4F81FEDBD9C00B397E8 /* Day22.swift */; };
/* End PBXBuildFile section */

/* Begin PBXCopyFilesBuildPhase section */
		318AC3241FE062A900A98B5E /* CopyFiles */ = {
			isa = PBXCopyFilesBuildPhase;
			buildActionMask = 2147483647;
			dstPath = /usr/share/man/man1/;
			dstSubfolderSpec = 0;
			files = (
			);
			runOnlyForDeploymentPostprocessing = 1;
		};
/* End PBXCopyFilesBuildPhase section */

/* Begin PBXFileReference section */
		31202D941FEF8DBC009B2C2E /* day24.txt */ = {isa = PBXFileReference; lastKnownFileType = text; path = day24.txt; sourceTree = "<group>"; };
		31202D951FEF8DE0009B2C2E /* Day24.swift */ = {isa = PBXFileReference; lastKnownFileType = sourcecode.swift; path = Day24.swift; sourceTree = "<group>"; };
		313240D11FF0BD2700E3B690 /* day25.txt */ = {isa = PBXFileReference; lastKnownFileType = text; path = day25.txt; sourceTree = "<group>"; };
		313240D21FF0BD3400E3B690 /* Day25.swift */ = {isa = PBXFileReference; lastKnownFileType = sourcecode.swift; path = Day25.swift; sourceTree = "<group>"; };
		3136B8621FE0D94100CB98FE /* Day5.swift */ = {isa = PBXFileReference; lastKnownFileType = sourcecode.swift; path = Day5.swift; sourceTree = "<group>"; };
		3136B8641FE0E07200CB98FE /* day5.txt */ = {isa = PBXFileReference; lastKnownFileType = text; path = day5.txt; sourceTree = "<group>"; };
		3136B8651FE0E07200CB98FE /* day6.txt */ = {isa = PBXFileReference; lastKnownFileType = text; path = day6.txt; sourceTree = "<group>"; };
		314051BF1FF260B20084D053 /* Day11.swift */ = {isa = PBXFileReference; lastKnownFileType = sourcecode.swift; path = Day11.swift; sourceTree = "<group>"; };
		314051C11FF26E4E0084D053 /* Day13.swift */ = {isa = PBXFileReference; lastKnownFileType = sourcecode.swift; path = Day13.swift; sourceTree = "<group>"; };
		314051C31FF2806F0084D053 /* Day14.swift */ = {isa = PBXFileReference; lastKnownFileType = sourcecode.swift; path = Day14.swift; sourceTree = "<group>"; };
		314051C51FF29B1C0084D053 /* Day19.swift */ = {isa = PBXFileReference; lastKnownFileType = sourcecode.swift; path = Day19.swift; sourceTree = "<group>"; };
		314051C71FF29C3D0084D053 /* day19.txt */ = {isa = PBXFileReference; lastKnownFileType = text; path = day19.txt; sourceTree = "<group>"; };
		314051C81FF2A8360084D053 /* day20.txt */ = {isa = PBXFileReference; lastKnownFileType = text; path = day20.txt; sourceTree = "<group>"; };
		314051C91FF2A8AE0084D053 /* Day20.swift */ = {isa = PBXFileReference; lastKnownFileType = sourcecode.swift; path = Day20.swift; sourceTree = "<group>"; };
		315684C21FE0B101009234CE /* Day3.swift */ = {isa = PBXFileReference; lastKnownFileType = sourcecode.swift; path = Day3.swift; sourceTree = "<group>"; };
		315684C41FE0B12F009234CE /* day2.txt */ = {isa = PBXFileReference; lastKnownFileType = text; path = day2.txt; sourceTree = "<group>"; };
		315B6A091FE751430026AF73 /* Day9.swift */ = {isa = PBXFileReference; lastKnownFileType = sourcecode.swift; path = Day9.swift; sourceTree = "<group>"; };
		315B6A0B1FE765EC0026AF73 /* Day10.swift */ = {isa = PBXFileReference; lastKnownFileType = sourcecode.swift; path = Day10.swift; sourceTree = "<group>"; };
		315B6A0D1FE77F980026AF73 /* day18.txt */ = {isa = PBXFileReference; lastKnownFileType = text; path = day18.txt; sourceTree = "<group>"; };
		315B6A0E1FE77FA40026AF73 /* Day18.swift */ = {isa = PBXFileReference; lastKnownFileType = sourcecode.swift; path = Day18.swift; sourceTree = "<group>"; };
		31635F8A1FE4F52A004ADA7F /* day16.txt */ = {isa = PBXFileReference; lastKnownFileType = text; path = day16.txt; sourceTree = "<group>"; };
		31635F8B1FE4F5FD004ADA7F /* Day16.swift */ = {isa = PBXFileReference; lastKnownFileType = sourcecode.swift; path = Day16.swift; sourceTree = "<group>"; };
		318AC3261FE062A900A98B5E /* AdventOfCode */ = {isa = PBXFileReference; explicitFileType = "compiled.mach-o.executable"; includeInIndex = 0; path = AdventOfCode; sourceTree = BUILT_PRODUCTS_DIR; };
		318AC3291FE062A900A98B5E /* main.swift */ = {isa = PBXFileReference; lastKnownFileType = sourcecode.swift; path = main.swift; sourceTree = "<group>"; };
		318AC3301FE062BE00A98B5E /* Day12.swift */ = {isa = PBXFileReference; lastKnownFileType = sourcecode.swift; path = Day12.swift; sourceTree = "<group>"; };
		318AC3321FE062C700A98B5E /* Helpers.swift */ = {isa = PBXFileReference; lastKnownFileType = sourcecode.swift; path = Helpers.swift; sourceTree = "<group>"; };
		319347251FE088B600D4EC4F /* day12.txt */ = {isa = PBXFileReference; lastKnownFileType = text; path = day12.txt; sourceTree = "<group>"; };
		319347261FE088B600D4EC4F /* day4.txt */ = {isa = PBXFileReference; lastKnownFileType = text; path = day4.txt; sourceTree = "<group>"; };
		319347271FE088B600D4EC4F /* day1.txt */ = {isa = PBXFileReference; lastKnownFileType = text; path = day1.txt; sourceTree = "<group>"; };
		319347281FE0897B00D4EC4F /* Day1.swift */ = {isa = PBXFileReference; lastKnownFileType = sourcecode.swift; path = Day1.swift; sourceTree = "<group>"; };
		3193472A1FE0899B00D4EC4F /* Day.swift */ = {isa = PBXFileReference; lastKnownFileType = sourcecode.swift; path = Day.swift; sourceTree = "<group>"; };
		3193472C1FE0AA2000D4EC4F /* Day2.swift */ = {isa = PBXFileReference; lastKnownFileType = sourcecode.swift; path = Day2.swift; sourceTree = "<group>"; };
		31A87E1B1FE4879600FF85D3 /* Day15.swift */ = {isa = PBXFileReference; lastKnownFileType = sourcecode.swift; path = Day15.swift; sourceTree = "<group>"; };
		31A87E1D1FE487E600FF85D3 /* day13.txt */ = {isa = PBXFileReference; lastKnownFileType = text; path = day13.txt; sourceTree = "<group>"; };
		31A87E1E1FE487E600FF85D3 /* day15.txt */ = {isa = PBXFileReference; lastKnownFileType = text; path = day15.txt; sourceTree = "<group>"; };
		31A87E1F1FE4964700FF85D3 /* Day4.swift */ = {isa = PBXFileReference; lastKnownFileType = sourcecode.swift; path = Day4.swift; sourceTree = "<group>"; };
		31A87E211FE49C4E00FF85D3 /* day7.txt */ = {isa = PBXFileReference; lastKnownFileType = text; path = day7.txt; sourceTree = "<group>"; };
		31A87E221FE49C6C00FF85D3 /* day8.txt */ = {isa = PBXFileReference; lastKnownFileType = text; path = day8.txt; sourceTree = "<group>"; };
		31A87E231FE49CF400FF85D3 /* day9.txt */ = {isa = PBXFileReference; lastKnownFileType = text; path = day9.txt; sourceTree = "<group>"; };
		31A87E241FE49D1600FF85D3 /* day10.txt */ = {isa = PBXFileReference; lastKnownFileType = text; path = day10.txt; sourceTree = "<group>"; };
		31A87E251FE49D3200FF85D3 /* day11.txt */ = {isa = PBXFileReference; lastKnownFileType = text; path = day11.txt; sourceTree = "<group>"; };
		31A87E261FE49D5500FF85D3 /* day14.txt */ = {isa = PBXFileReference; lastKnownFileType = text; path = day14.txt; sourceTree = "<group>"; };
		31A87E271FE49F9500FF85D3 /* Day7.swift */ = {isa = PBXFileReference; lastKnownFileType = sourcecode.swift; path = Day7.swift; sourceTree = "<group>"; };
		31A87E291FE4A9A200FF85D3 /* Day8.swift */ = {isa = PBXFileReference; lastKnownFileType = sourcecode.swift; path = Day8.swift; sourceTree = "<group>"; };
		31D3B3BA1FEE19BB0002648A /* day23.txt */ = {isa = PBXFileReference; lastKnownFileType = text; path = day23.txt; sourceTree = "<group>"; };
		31D3B3BB1FEE19C70002648A /* Day23.swift */ = {isa = PBXFileReference; lastKnownFileType = sourcecode.swift; path = Day23.swift; sourceTree = "<group>"; };
		31DE12B81FE6281500C48F43 /* Day6.swift */ = {isa = PBXFileReference; lastKnownFileType = sourcecode.swift; path = Day6.swift; sourceTree = "<group>"; };
		31DE12BA1FE631BC00C48F43 /* day17.txt */ = {isa = PBXFileReference; lastKnownFileType = text; path = day17.txt; sourceTree = "<group>"; };
		31DE12BB1FE631C600C48F43 /* Day17.swift */ = {isa = PBXFileReference; lastKnownFileType = sourcecode.swift; path = Day17.swift; sourceTree = "<group>"; };
		31F7E4F71FEDBD6000B397E8 /* day22.txt */ = {isa = PBXFileReference; lastKnownFileType = text; path = day22.txt; sourceTree = "<group>"; };
		31F7E4F81FEDBD9C00B397E8 /* Day22.swift */ = {isa = PBXFileReference; lastKnownFileType = sourcecode.swift; path = Day22.swift; sourceTree = "<group>"; };
/* End PBXFileReference section */

/* Begin PBXFrameworksBuildPhase section */
		318AC3231FE062A900A98B5E /* Frameworks */ = {
			isa = PBXFrameworksBuildPhase;
			buildActionMask = 2147483647;
			files = (
			);
			runOnlyForDeploymentPostprocessing = 0;
		};
/* End PBXFrameworksBuildPhase section */

/* Begin PBXGroup section */
		318AC31D1FE062A900A98B5E = {
			isa = PBXGroup;
			children = (
				318AC3281FE062A900A98B5E /* AdventOfCode */,
				318AC3271FE062A900A98B5E /* Products */,
			);
			sourceTree = "<group>";
		};
		318AC3271FE062A900A98B5E /* Products */ = {
			isa = PBXGroup;
			children = (
				318AC3261FE062A900A98B5E /* AdventOfCode */,
			);
			name = Products;
			sourceTree = "<group>";
		};
		318AC3281FE062A900A98B5E /* AdventOfCode */ = {
			isa = PBXGroup;
			children = (
				319347241FE088B600D4EC4F /* Inputs */,
				318AC3291FE062A900A98B5E /* main.swift */,
				3193472A1FE0899B00D4EC4F /* Day.swift */,
				318AC3321FE062C700A98B5E /* Helpers.swift */,
				319347281FE0897B00D4EC4F /* Day1.swift */,
				3193472C1FE0AA2000D4EC4F /* Day2.swift */,
				315684C21FE0B101009234CE /* Day3.swift */,
				31A87E1F1FE4964700FF85D3 /* Day4.swift */,
				3136B8621FE0D94100CB98FE /* Day5.swift */,
				31DE12B81FE6281500C48F43 /* Day6.swift */,
				31A87E271FE49F9500FF85D3 /* Day7.swift */,
				31A87E291FE4A9A200FF85D3 /* Day8.swift */,
				315B6A091FE751430026AF73 /* Day9.swift */,
				315B6A0B1FE765EC0026AF73 /* Day10.swift */,
				314051BF1FF260B20084D053 /* Day11.swift */,
				318AC3301FE062BE00A98B5E /* Day12.swift */,
				314051C11FF26E4E0084D053 /* Day13.swift */,
				314051C31FF2806F0084D053 /* Day14.swift */,
				31A87E1B1FE4879600FF85D3 /* Day15.swift */,
				31635F8B1FE4F5FD004ADA7F /* Day16.swift */,
				31DE12BB1FE631C600C48F43 /* Day17.swift */,
				315B6A0E1FE77FA40026AF73 /* Day18.swift */,
				314051C51FF29B1C0084D053 /* Day19.swift */,
				314051C91FF2A8AE0084D053 /* Day20.swift */,
				31F7E4F81FEDBD9C00B397E8 /* Day22.swift */,
				31D3B3BB1FEE19C70002648A /* Day23.swift */,
				31202D951FEF8DE0009B2C2E /* Day24.swift */,
				313240D21FF0BD3400E3B690 /* Day25.swift */,
			);
			path = AdventOfCode;
			sourceTree = "<group>";
		};
		319347241FE088B600D4EC4F /* Inputs */ = {
			isa = PBXGroup;
			children = (
				319347271FE088B600D4EC4F /* day1.txt */,
				315684C41FE0B12F009234CE /* day2.txt */,
				319347261FE088B600D4EC4F /* day4.txt */,
				3136B8641FE0E07200CB98FE /* day5.txt */,
				3136B8651FE0E07200CB98FE /* day6.txt */,
				31A87E211FE49C4E00FF85D3 /* day7.txt */,
				31A87E221FE49C6C00FF85D3 /* day8.txt */,
				31A87E231FE49CF400FF85D3 /* day9.txt */,
				31A87E241FE49D1600FF85D3 /* day10.txt */,
				31A87E251FE49D3200FF85D3 /* day11.txt */,
				319347251FE088B600D4EC4F /* day12.txt */,
				31A87E1D1FE487E600FF85D3 /* day13.txt */,
				31A87E261FE49D5500FF85D3 /* day14.txt */,
				31A87E1E1FE487E600FF85D3 /* day15.txt */,
				31635F8A1FE4F52A004ADA7F /* day16.txt */,
				31DE12BA1FE631BC00C48F43 /* day17.txt */,
				315B6A0D1FE77F980026AF73 /* day18.txt */,
				314051C71FF29C3D0084D053 /* day19.txt */,
				314051C81FF2A8360084D053 /* day20.txt */,
				31F7E4F71FEDBD6000B397E8 /* day22.txt */,
				31D3B3BA1FEE19BB0002648A /* day23.txt */,
				31202D941FEF8DBC009B2C2E /* day24.txt */,
				313240D11FF0BD2700E3B690 /* day25.txt */,
			);
			path = Inputs;
			sourceTree = SOURCE_ROOT;
		};
/* End PBXGroup section */

/* Begin PBXNativeTarget section */
		318AC3251FE062A900A98B5E /* AdventOfCode */ = {
			isa = PBXNativeTarget;
			buildConfigurationList = 318AC32D1FE062A900A98B5E /* Build configuration list for PBXNativeTarget "AdventOfCode" */;
			buildPhases = (
				318AC3221FE062A900A98B5E /* Sources */,
				318AC3231FE062A900A98B5E /* Frameworks */,
				318AC3241FE062A900A98B5E /* CopyFiles */,
			);
			buildRules = (
			);
			dependencies = (
			);
			name = AdventOfCode;
			productName = AdventOfCode;
			productReference = 318AC3261FE062A900A98B5E /* AdventOfCode */;
			productType = "com.apple.product-type.tool";
		};
/* End PBXNativeTarget section */

/* Begin PBXProject section */
		318AC31E1FE062A900A98B5E /* Project object */ = {
			isa = PBXProject;
			attributes = {
				LastSwiftUpdateCheck = 0920;
				LastUpgradeCheck = 0920;
				ORGANIZATIONNAME = "Jon Shier";
				TargetAttributes = {
					318AC3251FE062A900A98B5E = {
						CreatedOnToolsVersion = 9.2;
						ProvisioningStyle = Automatic;
					};
				};
			};
			buildConfigurationList = 318AC3211FE062A900A98B5E /* Build configuration list for PBXProject "AdventOfCode" */;
			compatibilityVersion = "Xcode 8.0";
			developmentRegion = en;
			hasScannedForEncodings = 0;
			knownRegions = (
				en,
			);
			mainGroup = 318AC31D1FE062A900A98B5E;
			productRefGroup = 318AC3271FE062A900A98B5E /* Products */;
			projectDirPath = "";
			projectRoot = "";
			targets = (
				318AC3251FE062A900A98B5E /* AdventOfCode */,
			);
		};
/* End PBXProject section */

/* Begin PBXSourcesBuildPhase section */
		318AC3221FE062A900A98B5E /* Sources */ = {
			isa = PBXSourcesBuildPhase;
			buildActionMask = 2147483647;
			files = (
				31F7E4F91FEDBD9C00B397E8 /* Day22.swift in Sources */,
				31202D961FEF8DE0009B2C2E /* Day24.swift in Sources */,
				3136B8631FE0D94100CB98FE /* Day5.swift in Sources */,
				31DE12BC1FE631C600C48F43 /* Day17.swift in Sources */,
				315684C31FE0B101009234CE /* Day3.swift in Sources */,
				31635F8C1FE4F5FD004ADA7F /* Day16.swift in Sources */,
				319347291FE0897B00D4EC4F /* Day1.swift in Sources */,
				3193472D1FE0AA2000D4EC4F /* Day2.swift in Sources */,
				314051C21FF26E4E0084D053 /* Day13.swift in Sources */,
				314051C41FF2806F0084D053 /* Day14.swift in Sources */,
				314051C61FF29B1C0084D053 /* Day19.swift in Sources */,
				314051CA1FF2A8AE0084D053 /* Day20.swift in Sources */,
				31DE12B91FE6281500C48F43 /* Day6.swift in Sources */,
				315B6A0F1FE77FA40026AF73 /* Day18.swift in Sources */,
				31A87E281FE49F9500FF85D3 /* Day7.swift in Sources */,
				318AC32A1FE062A900A98B5E /* main.swift in Sources */,
				31A87E1C1FE4879600FF85D3 /* Day15.swift in Sources */,
				313240D31FF0BD3400E3B690 /* Day25.swift in Sources */,
				31A87E2A1FE4A9A200FF85D3 /* Day8.swift in Sources */,
				315B6A0C1FE765EC0026AF73 /* Day10.swift in Sources */,
				31A87E201FE4964700FF85D3 /* Day4.swift in Sources */,
				315B6A0A1FE751430026AF73 /* Day9.swift in Sources */,
				318AC3331FE062C700A98B5E /* Helpers.swift in Sources */,
				31D3B3BC1FEE19C70002648A /* Day23.swift in Sources */,
				314051C01FF260B20084D053 /* Day11.swift in Sources */,
				3193472B1FE0899B00D4EC4F /* Day.swift in Sources */,
				318AC3311FE062BE00A98B5E /* Day12.swift in Sources */,
			);
			runOnlyForDeploymentPostprocessing = 0;
		};
/* End PBXSourcesBuildPhase section */

/* Begin XCBuildConfiguration section */
		318AC32B1FE062A900A98B5E /* Debug */ = {
			isa = XCBuildConfiguration;
			buildSettings = {
				ALWAYS_SEARCH_USER_PATHS = NO;
				CLANG_ANALYZER_NONNULL = YES;
				CLANG_ANALYZER_NUMBER_OBJECT_CONVERSION = YES_AGGRESSIVE;
				CLANG_CXX_LANGUAGE_STANDARD = "gnu++14";
				CLANG_CXX_LIBRARY = "libc++";
				CLANG_ENABLE_MODULES = YES;
				CLANG_ENABLE_OBJC_ARC = YES;
				CLANG_WARN_BLOCK_CAPTURE_AUTORELEASING = YES;
				CLANG_WARN_BOOL_CONVERSION = YES;
				CLANG_WARN_COMMA = YES;
				CLANG_WARN_CONSTANT_CONVERSION = YES;
				CLANG_WARN_DIRECT_OBJC_ISA_USAGE = YES_ERROR;
				CLANG_WARN_DOCUMENTATION_COMMENTS = YES;
				CLANG_WARN_EMPTY_BODY = YES;
				CLANG_WARN_ENUM_CONVERSION = YES;
				CLANG_WARN_INFINITE_RECURSION = YES;
				CLANG_WARN_INT_CONVERSION = YES;
				CLANG_WARN_NON_LITERAL_NULL_CONVERSION = YES;
				CLANG_WARN_OBJC_LITERAL_CONVERSION = YES;
				CLANG_WARN_OBJC_ROOT_CLASS = YES_ERROR;
				CLANG_WARN_RANGE_LOOP_ANALYSIS = YES;
				CLANG_WARN_STRICT_PROTOTYPES = YES;
				CLANG_WARN_SUSPICIOUS_MOVE = YES;
				CLANG_WARN_UNGUARDED_AVAILABILITY = YES_AGGRESSIVE;
				CLANG_WARN_UNREACHABLE_CODE = YES;
				CLANG_WARN__DUPLICATE_METHOD_MATCH = YES;
				CODE_SIGN_IDENTITY = "-";
				COPY_PHASE_STRIP = NO;
				DEBUG_INFORMATION_FORMAT = dwarf;
				ENABLE_STRICT_OBJC_MSGSEND = YES;
				ENABLE_TESTABILITY = YES;
				GCC_C_LANGUAGE_STANDARD = gnu11;
				GCC_DYNAMIC_NO_PIC = NO;
				GCC_NO_COMMON_BLOCKS = YES;
				GCC_OPTIMIZATION_LEVEL = 0;
				GCC_PREPROCESSOR_DEFINITIONS = (
					"DEBUG=1",
					"$(inherited)",
				);
				GCC_WARN_64_TO_32_BIT_CONVERSION = YES;
				GCC_WARN_ABOUT_RETURN_TYPE = YES_ERROR;
				GCC_WARN_UNDECLARED_SELECTOR = YES;
				GCC_WARN_UNINITIALIZED_AUTOS = YES_AGGRESSIVE;
				GCC_WARN_UNUSED_FUNCTION = YES;
				GCC_WARN_UNUSED_VARIABLE = YES;
				MACOSX_DEPLOYMENT_TARGET = 10.13;
				MTL_ENABLE_DEBUG_INFO = YES;
				ONLY_ACTIVE_ARCH = YES;
				SDKROOT = macosx;
				SWIFT_ACTIVE_COMPILATION_CONDITIONS = DEBUG;
				SWIFT_OPTIMIZATION_LEVEL = "-Onone";
			};
			name = Debug;
		};
		318AC32C1FE062A900A98B5E /* Release */ = {
			isa = XCBuildConfiguration;
			buildSettings = {
				ALWAYS_SEARCH_USER_PATHS = NO;
				CLANG_ANALYZER_NONNULL = YES;
				CLANG_ANALYZER_NUMBER_OBJECT_CONVERSION = YES_AGGRESSIVE;
				CLANG_CXX_LANGUAGE_STANDARD = "gnu++14";
				CLANG_CXX_LIBRARY = "libc++";
				CLANG_ENABLE_MODULES = YES;
				CLANG_ENABLE_OBJC_ARC = YES;
				CLANG_WARN_BLOCK_CAPTURE_AUTORELEASING = YES;
				CLANG_WARN_BOOL_CONVERSION = YES;
				CLANG_WARN_COMMA = YES;
				CLANG_WARN_CONSTANT_CONVERSION = YES;
				CLANG_WARN_DIRECT_OBJC_ISA_USAGE = YES_ERROR;
				CLANG_WARN_DOCUMENTATION_COMMENTS = YES;
				CLANG_WARN_EMPTY_BODY = YES;
				CLANG_WARN_ENUM_CONVERSION = YES;
				CLANG_WARN_INFINITE_RECURSION = YES;
				CLANG_WARN_INT_CONVERSION = YES;
				CLANG_WARN_NON_LITERAL_NULL_CONVERSION = YES;
				CLANG_WARN_OBJC_LITERAL_CONVERSION = YES;
				CLANG_WARN_OBJC_ROOT_CLASS = YES_ERROR;
				CLANG_WARN_RANGE_LOOP_ANALYSIS = YES;
				CLANG_WARN_STRICT_PROTOTYPES = YES;
				CLANG_WARN_SUSPICIOUS_MOVE = YES;
				CLANG_WARN_UNGUARDED_AVAILABILITY = YES_AGGRESSIVE;
				CLANG_WARN_UNREACHABLE_CODE = YES;
				CLANG_WARN__DUPLICATE_METHOD_MATCH = YES;
				CODE_SIGN_IDENTITY = "-";
				COPY_PHASE_STRIP = NO;
				DEBUG_INFORMATION_FORMAT = "dwarf-with-dsym";
				ENABLE_NS_ASSERTIONS = NO;
				ENABLE_STRICT_OBJC_MSGSEND = YES;
				GCC_C_LANGUAGE_STANDARD = gnu11;
				GCC_NO_COMMON_BLOCKS = YES;
				GCC_WARN_64_TO_32_BIT_CONVERSION = YES;
				GCC_WARN_ABOUT_RETURN_TYPE = YES_ERROR;
				GCC_WARN_UNDECLARED_SELECTOR = YES;
				GCC_WARN_UNINITIALIZED_AUTOS = YES_AGGRESSIVE;
				GCC_WARN_UNUSED_FUNCTION = YES;
				GCC_WARN_UNUSED_VARIABLE = YES;
				MACOSX_DEPLOYMENT_TARGET = 10.13;
				MTL_ENABLE_DEBUG_INFO = NO;
				SDKROOT = macosx;
				SWIFT_OPTIMIZATION_LEVEL = "-Owholemodule";
			};
			name = Release;
		};
		318AC32E1FE062A900A98B5E /* Debug */ = {
			isa = XCBuildConfiguration;
			buildSettings = {
				CODE_SIGN_STYLE = Automatic;
				PRODUCT_NAME = "$(TARGET_NAME)";
				SWIFT_VERSION = 4.0;
			};
			name = Debug;
		};
		318AC32F1FE062A900A98B5E /* Release */ = {
			isa = XCBuildConfiguration;
			buildSettings = {
				CODE_SIGN_STYLE = Automatic;
				PRODUCT_NAME = "$(TARGET_NAME)";
				SWIFT_VERSION = 4.0;
			};
			name = Release;
		};
/* End XCBuildConfiguration section */

/* Begin XCConfigurationList section */
		318AC3211FE062A900A98B5E /* Build configuration list for PBXProject "AdventOfCode" */ = {
			isa = XCConfigurationList;
			buildConfigurations = (
				318AC32B1FE062A900A98B5E /* Debug */,
				318AC32C1FE062A900A98B5E /* Release */,
			);
			defaultConfigurationIsVisible = 0;
			defaultConfigurationName = Release;
		};
		318AC32D1FE062A900A98B5E /* Build configuration list for PBXNativeTarget "AdventOfCode" */ = {
			isa = XCConfigurationList;
			buildConfigurations = (
				318AC32E1FE062A900A98B5E /* Debug */,
				318AC32F1FE062A900A98B5E /* Release */,
			);
			defaultConfigurationIsVisible = 0;
			defaultConfigurationName = Release;
		};
/* End XCConfigurationList section */
	};
	rootObject = 318AC31E1FE062A900A98B5E /* Project object */;
}
