// !$*UTF8*$!
{
	archiveVersion = 1;
	classes = {
	};
	objectVersion = 52;
	objects = {

/* Begin PBXBuildFile section */
		3103B7A821BF3C9700301245 /* Day1018.swift in Sources */ = {isa = PBXBuildFile; fileRef = 3103B7A721BF3C9700301245 /* Day1018.swift */; };
		3109AA1221B4EE53006A24D0 /* Day318.swift in Sources */ = {isa = PBXBuildFile; fileRef = 3109AA1121B4EE53006A24D0 /* Day318.swift */; };
		311931C321B39C7200A4A116 /* Day218.swift in Sources */ = {isa = PBXBuildFile; fileRef = 311931C221B39C7200A4A116 /* Day218.swift */; };
		31202D961FEF8DE0009B2C2E /* Day24.swift in Sources */ = {isa = PBXBuildFile; fileRef = 31202D951FEF8DE0009B2C2E /* Day24.swift */; };
		312A787A239A1B72002B9FC4 /* SwiftGraph in Frameworks */ = {isa = PBXBuildFile; productRef = 312A7879239A1B72002B9FC4 /* SwiftGraph */; };
		312C9FD9200D496B00F8C0F4 /* Day615.swift in Sources */ = {isa = PBXBuildFile; fileRef = 312C9FD8200D496B00F8C0F4 /* Day615.swift */; };
		313240D31FF0BD3400E3B690 /* Day25.swift in Sources */ = {isa = PBXBuildFile; fileRef = 313240D21FF0BD3400E3B690 /* Day25.swift */; };
		3136B8631FE0D94100CB98FE /* Day5.swift in Sources */ = {isa = PBXBuildFile; fileRef = 3136B8621FE0D94100CB98FE /* Day5.swift */; };
		314051C01FF260B20084D053 /* Day11.swift in Sources */ = {isa = PBXBuildFile; fileRef = 314051BF1FF260B20084D053 /* Day11.swift */; };
		314051C21FF26E4E0084D053 /* Day13.swift in Sources */ = {isa = PBXBuildFile; fileRef = 314051C11FF26E4E0084D053 /* Day13.swift */; };
		314051C41FF2806F0084D053 /* Day14.swift in Sources */ = {isa = PBXBuildFile; fileRef = 314051C31FF2806F0084D053 /* Day14.swift */; };
		314051C61FF29B1C0084D053 /* Day19.swift in Sources */ = {isa = PBXBuildFile; fileRef = 314051C51FF29B1C0084D053 /* Day19.swift */; };
		314051CA1FF2A8AE0084D053 /* Day20.swift in Sources */ = {isa = PBXBuildFile; fileRef = 314051C91FF2A8AE0084D053 /* Day20.swift */; };
		314051CD1FF2E6F00084D053 /* Day21.swift in Sources */ = {isa = PBXBuildFile; fileRef = 314051CC1FF2E6F00084D053 /* Day21.swift */; };
		314392F521B23548000F28F9 /* Day118.swift in Sources */ = {isa = PBXBuildFile; fileRef = 314392F421B23548000F28F9 /* Day118.swift */; };
		315684C31FE0B101009234CE /* Day3.swift in Sources */ = {isa = PBXBuildFile; fileRef = 315684C21FE0B101009234CE /* Day3.swift */; };
		315B6A0A1FE751430026AF73 /* Day9.swift in Sources */ = {isa = PBXBuildFile; fileRef = 315B6A091FE751430026AF73 /* Day9.swift */; };
		315B6A0C1FE765EC0026AF73 /* Day10.swift in Sources */ = {isa = PBXBuildFile; fileRef = 315B6A0B1FE765EC0026AF73 /* Day10.swift */; };
		315B6A0F1FE77FA40026AF73 /* Day18.swift in Sources */ = {isa = PBXBuildFile; fileRef = 315B6A0E1FE77FA40026AF73 /* Day18.swift */; };
		31635F8C1FE4F5FD004ADA7F /* Day16.swift in Sources */ = {isa = PBXBuildFile; fileRef = 31635F8B1FE4F5FD004ADA7F /* Day16.swift */; };
		3175D146238F3190007FAB8E /* Day1118.swift in Sources */ = {isa = PBXBuildFile; fileRef = 3175D145238F3190007FAB8E /* Day1118.swift */; };
		317C72C921BCD7B400C89EE1 /* Day918.swift in Sources */ = {isa = PBXBuildFile; fileRef = 317C72C821BCD7B400C89EE1 /* Day918.swift */; };
		318667C5238F29F5005DAACC /* Day619.swift in Sources */ = {isa = PBXBuildFile; fileRef = 318667AC238F29F5005DAACC /* Day619.swift */; };
		318667C6238F29F5005DAACC /* Day2219.swift in Sources */ = {isa = PBXBuildFile; fileRef = 318667AD238F29F5005DAACC /* Day2219.swift */; };
		318667C7238F29F5005DAACC /* Day519.swift in Sources */ = {isa = PBXBuildFile; fileRef = 318667AE238F29F5005DAACC /* Day519.swift */; };
		318667C8238F29F5005DAACC /* Day2119.swift in Sources */ = {isa = PBXBuildFile; fileRef = 318667AF238F29F5005DAACC /* Day2119.swift */; };
		318667C9238F29F5005DAACC /* Day2519.swift in Sources */ = {isa = PBXBuildFile; fileRef = 318667B0238F29F5005DAACC /* Day2519.swift */; };
		318667CA238F29F5005DAACC /* Day1319.swift in Sources */ = {isa = PBXBuildFile; fileRef = 318667B1238F29F5005DAACC /* Day1319.swift */; };
		318667CB238F29F5005DAACC /* Day2319.swift in Sources */ = {isa = PBXBuildFile; fileRef = 318667B2238F29F5005DAACC /* Day2319.swift */; };
		318667CC238F29F5005DAACC /* Day819.swift in Sources */ = {isa = PBXBuildFile; fileRef = 318667B3238F29F5005DAACC /* Day819.swift */; };
		318667CD238F29F5005DAACC /* Day2019.swift in Sources */ = {isa = PBXBuildFile; fileRef = 318667B4238F29F5005DAACC /* Day2019.swift */; };
		318667CE238F29F5005DAACC /* Day1019.swift in Sources */ = {isa = PBXBuildFile; fileRef = 318667B5238F29F5005DAACC /* Day1019.swift */; };
		318667CF238F29F5005DAACC /* Day1119.swift in Sources */ = {isa = PBXBuildFile; fileRef = 318667B6238F29F5005DAACC /* Day1119.swift */; };
		318667D0238F29F5005DAACC /* Day719.swift in Sources */ = {isa = PBXBuildFile; fileRef = 318667B7238F29F5005DAACC /* Day719.swift */; };
		318667D1238F29F5005DAACC /* Day119.swift in Sources */ = {isa = PBXBuildFile; fileRef = 318667B8238F29F5005DAACC /* Day119.swift */; };
		318667D2238F29F5005DAACC /* Day1919.swift in Sources */ = {isa = PBXBuildFile; fileRef = 318667B9238F29F5005DAACC /* Day1919.swift */; };
		318667D3238F29F5005DAACC /* Day419.swift in Sources */ = {isa = PBXBuildFile; fileRef = 318667BA238F29F5005DAACC /* Day419.swift */; };
		318667D4238F29F5005DAACC /* Day1519.swift in Sources */ = {isa = PBXBuildFile; fileRef = 318667BB238F29F5005DAACC /* Day1519.swift */; };
		318667D5238F29F5005DAACC /* Day1619.swift in Sources */ = {isa = PBXBuildFile; fileRef = 318667BC238F29F5005DAACC /* Day1619.swift */; };
		318667D6238F29F5005DAACC /* Day1819.swift in Sources */ = {isa = PBXBuildFile; fileRef = 318667BD238F29F5005DAACC /* Day1819.swift */; };
		318667D7238F29F5005DAACC /* Day919.swift in Sources */ = {isa = PBXBuildFile; fileRef = 318667BE238F29F5005DAACC /* Day919.swift */; };
		318667D8238F29F5005DAACC /* Day1219.swift in Sources */ = {isa = PBXBuildFile; fileRef = 318667BF238F29F5005DAACC /* Day1219.swift */; };
		318667D9238F29F5005DAACC /* Day2419.swift in Sources */ = {isa = PBXBuildFile; fileRef = 318667C0238F29F5005DAACC /* Day2419.swift */; };
		318667DA238F29F5005DAACC /* Day219.swift in Sources */ = {isa = PBXBuildFile; fileRef = 318667C1238F29F5005DAACC /* Day219.swift */; };
		318667DB238F29F5005DAACC /* Day1419.swift in Sources */ = {isa = PBXBuildFile; fileRef = 318667C2238F29F5005DAACC /* Day1419.swift */; };
		318667DC238F29F5005DAACC /* Day319.swift in Sources */ = {isa = PBXBuildFile; fileRef = 318667C3238F29F5005DAACC /* Day319.swift */; };
		318667DD238F29F5005DAACC /* Day1719.swift in Sources */ = {isa = PBXBuildFile; fileRef = 318667C4238F29F5005DAACC /* Day1719.swift */; };
		318AC32A1FE062A900A98B5E /* main.swift in Sources */ = {isa = PBXBuildFile; fileRef = 318AC3291FE062A900A98B5E /* main.swift */; };
		318AC3311FE062BE00A98B5E /* Day12.swift in Sources */ = {isa = PBXBuildFile; fileRef = 318AC3301FE062BE00A98B5E /* Day12.swift */; };
		318AC3331FE062C700A98B5E /* Helpers.swift in Sources */ = {isa = PBXBuildFile; fileRef = 318AC3321FE062C700A98B5E /* Helpers.swift */; };
		319347291FE0897B00D4EC4F /* Day1.swift in Sources */ = {isa = PBXBuildFile; fileRef = 319347281FE0897B00D4EC4F /* Day1.swift */; };
		3193472B1FE0899B00D4EC4F /* Day.swift in Sources */ = {isa = PBXBuildFile; fileRef = 3193472A1FE0899B00D4EC4F /* Day.swift */; };
		3193472D1FE0AA2000D4EC4F /* Day2.swift in Sources */ = {isa = PBXBuildFile; fileRef = 3193472C1FE0AA2000D4EC4F /* Day2.swift */; };
		31A87E1C1FE4879600FF85D3 /* Day15.swift in Sources */ = {isa = PBXBuildFile; fileRef = 31A87E1B1FE4879600FF85D3 /* Day15.swift */; };
		31A87E201FE4964700FF85D3 /* Day4.swift in Sources */ = {isa = PBXBuildFile; fileRef = 31A87E1F1FE4964700FF85D3 /* Day4.swift */; };
		31A87E281FE49F9500FF85D3 /* Day7.swift in Sources */ = {isa = PBXBuildFile; fileRef = 31A87E271FE49F9500FF85D3 /* Day7.swift */; };
		31A87E2A1FE4A9A200FF85D3 /* Day8.swift in Sources */ = {isa = PBXBuildFile; fileRef = 31A87E291FE4A9A200FF85D3 /* Day8.swift */; };
		31BBF1FE21B8E48D00B3AD33 /* Day618.swift in Sources */ = {isa = PBXBuildFile; fileRef = 31BBF1FD21B8E48D00B3AD33 /* Day618.swift */; };
		31BD7A4E21B849970056CB6D /* Day518.swift in Sources */ = {isa = PBXBuildFile; fileRef = 31BD7A4D21B849970056CB6D /* Day518.swift */; };
		31D3B3BC1FEE19C70002648A /* Day23.swift in Sources */ = {isa = PBXBuildFile; fileRef = 31D3B3BB1FEE19C70002648A /* Day23.swift */; };
		31D5249E200474980058241D /* Day115.swift in Sources */ = {isa = PBXBuildFile; fileRef = 31D5249D200474980058241D /* Day115.swift */; };
		31D524A0200478120058241D /* Day215.swift in Sources */ = {isa = PBXBuildFile; fileRef = 31D5249F200478120058241D /* Day215.swift */; };
		31D524A320047DE90058241D /* Day315.swift in Sources */ = {isa = PBXBuildFile; fileRef = 31D524A220047DE90058241D /* Day315.swift */; };
		31D524AA200483990058241D /* Day415.swift in Sources */ = {isa = PBXBuildFile; fileRef = 31D524A9200483990058241D /* Day415.swift */; };
		31D524AD200488260058241D /* Day515.swift in Sources */ = {isa = PBXBuildFile; fileRef = 31D524AC200488260058241D /* Day515.swift */; };
		31DE12B91FE6281500C48F43 /* Day6.swift in Sources */ = {isa = PBXBuildFile; fileRef = 31DE12B81FE6281500C48F43 /* Day6.swift */; };
		31DE12BC1FE631C600C48F43 /* Day17.swift in Sources */ = {isa = PBXBuildFile; fileRef = 31DE12BB1FE631C600C48F43 /* Day17.swift */; };
		31E0CB8721BB407D00998B50 /* Day718.swift in Sources */ = {isa = PBXBuildFile; fileRef = 31E0CB8621BB407D00998B50 /* Day718.swift */; };
		31E801E521B712710031C2B3 /* Day418.swift in Sources */ = {isa = PBXBuildFile; fileRef = 31E801E421B712710031C2B3 /* Day418.swift */; };
		31F7E4F91FEDBD9C00B397E8 /* Day22.swift in Sources */ = {isa = PBXBuildFile; fileRef = 31F7E4F81FEDBD9C00B397E8 /* Day22.swift */; };
/* End PBXBuildFile section */

/* Begin PBXCopyFilesBuildPhase section */
		318AC3241FE062A900A98B5E /* CopyFiles */ = {
			isa = PBXCopyFilesBuildPhase;
			buildActionMask = 2147483647;
			dstPath = /usr/share/man/man1/;
			dstSubfolderSpec = 0;
			files = (
			);
			runOnlyForDeploymentPostprocessing = 1;
		};
/* End PBXCopyFilesBuildPhase section */

/* Begin PBXFileReference section */
		3103B7A721BF3C9700301245 /* Day1018.swift */ = {isa = PBXFileReference; lastKnownFileType = sourcecode.swift; path = Day1018.swift; sourceTree = "<group>"; };
		3109AA1121B4EE53006A24D0 /* Day318.swift */ = {isa = PBXFileReference; lastKnownFileType = sourcecode.swift; path = Day318.swift; sourceTree = "<group>"; };
		3109AA1321B4EE89006A24D0 /* day3.txt */ = {isa = PBXFileReference; lastKnownFileType = text; path = day3.txt; sourceTree = "<group>"; };
		311931C221B39C7200A4A116 /* Day218.swift */ = {isa = PBXFileReference; lastKnownFileType = sourcecode.swift; path = Day218.swift; sourceTree = "<group>"; };
		31202D941FEF8DBC009B2C2E /* day24.txt */ = {isa = PBXFileReference; lastKnownFileType = text; path = day24.txt; sourceTree = "<group>"; };
		31202D951FEF8DE0009B2C2E /* Day24.swift */ = {isa = PBXFileReference; lastKnownFileType = sourcecode.swift; path = Day24.swift; sourceTree = "<group>"; };
		312C9FD7200D495F00F8C0F4 /* day6.txt */ = {isa = PBXFileReference; lastKnownFileType = text; path = day6.txt; sourceTree = "<group>"; };
		312C9FD8200D496B00F8C0F4 /* Day615.swift */ = {isa = PBXFileReference; lastKnownFileType = sourcecode.swift; path = Day615.swift; sourceTree = "<group>"; };
		313240D11FF0BD2700E3B690 /* day25.txt */ = {isa = PBXFileReference; lastKnownFileType = text; path = day25.txt; sourceTree = "<group>"; };
		313240D21FF0BD3400E3B690 /* Day25.swift */ = {isa = PBXFileReference; lastKnownFileType = sourcecode.swift; path = Day25.swift; sourceTree = "<group>"; };
		3136B8621FE0D94100CB98FE /* Day5.swift */ = {isa = PBXFileReference; lastKnownFileType = sourcecode.swift; path = Day5.swift; sourceTree = "<group>"; };
		3136B8641FE0E07200CB98FE /* day5.txt */ = {isa = PBXFileReference; lastKnownFileType = text; path = day5.txt; sourceTree = "<group>"; };
		3136B8651FE0E07200CB98FE /* day6.txt */ = {isa = PBXFileReference; lastKnownFileType = text; path = day6.txt; sourceTree = "<group>"; };
		314051BF1FF260B20084D053 /* Day11.swift */ = {isa = PBXFileReference; lastKnownFileType = sourcecode.swift; path = Day11.swift; sourceTree = "<group>"; };
		314051C11FF26E4E0084D053 /* Day13.swift */ = {isa = PBXFileReference; lastKnownFileType = sourcecode.swift; path = Day13.swift; sourceTree = "<group>"; };
		314051C31FF2806F0084D053 /* Day14.swift */ = {isa = PBXFileReference; lastKnownFileType = sourcecode.swift; path = Day14.swift; sourceTree = "<group>"; };
		314051C51FF29B1C0084D053 /* Day19.swift */ = {isa = PBXFileReference; lastKnownFileType = sourcecode.swift; path = Day19.swift; sourceTree = "<group>"; };
		314051C71FF29C3D0084D053 /* day19.txt */ = {isa = PBXFileReference; lastKnownFileType = text; path = day19.txt; sourceTree = "<group>"; };
		314051C81FF2A8360084D053 /* day20.txt */ = {isa = PBXFileReference; lastKnownFileType = text; path = day20.txt; sourceTree = "<group>"; };
		314051C91FF2A8AE0084D053 /* Day20.swift */ = {isa = PBXFileReference; lastKnownFileType = sourcecode.swift; path = Day20.swift; sourceTree = "<group>"; };
		314051CB1FF2E6DE0084D053 /* day21.txt */ = {isa = PBXFileReference; lastKnownFileType = text; path = day21.txt; sourceTree = "<group>"; };
		314051CC1FF2E6F00084D053 /* Day21.swift */ = {isa = PBXFileReference; lastKnownFileType = sourcecode.swift; path = Day21.swift; sourceTree = "<group>"; };
		314392DB21B2350A000F28F9 /* day13.txt */ = {isa = PBXFileReference; lastKnownFileType = text; path = day13.txt; sourceTree = "<group>"; };
		314392DC21B2350A000F28F9 /* day12.txt */ = {isa = PBXFileReference; lastKnownFileType = text; path = day12.txt; sourceTree = "<group>"; };
		314392DD21B2350A000F28F9 /* day10.txt */ = {isa = PBXFileReference; lastKnownFileType = text; path = day10.txt; sourceTree = "<group>"; };
		314392DE21B2350A000F28F9 /* day11.txt */ = {isa = PBXFileReference; lastKnownFileType = text; path = day11.txt; sourceTree = "<group>"; };
		314392DF21B2350A000F28F9 /* day15.txt */ = {isa = PBXFileReference; lastKnownFileType = text; path = day15.txt; sourceTree = "<group>"; };
		314392E021B2350A000F28F9 /* day8.txt */ = {isa = PBXFileReference; lastKnownFileType = text; path = day8.txt; sourceTree = "<group>"; };
		314392E121B2350A000F28F9 /* day9.txt */ = {isa = PBXFileReference; lastKnownFileType = text; path = day9.txt; sourceTree = "<group>"; };
		314392E221B2350A000F28F9 /* day14.txt */ = {isa = PBXFileReference; lastKnownFileType = text; path = day14.txt; sourceTree = "<group>"; };
		314392E321B2350A000F28F9 /* day16.txt */ = {isa = PBXFileReference; lastKnownFileType = text; path = day16.txt; sourceTree = "<group>"; };
		314392E421B2350A000F28F9 /* day17.txt */ = {isa = PBXFileReference; lastKnownFileType = text; path = day17.txt; sourceTree = "<group>"; };
		314392E521B2350A000F28F9 /* day7.txt */ = {isa = PBXFileReference; lastKnownFileType = text; path = day7.txt; sourceTree = "<group>"; };
		314392E621B2350A000F28F9 /* day6.txt */ = {isa = PBXFileReference; lastKnownFileType = text; path = day6.txt; sourceTree = "<group>"; };
		314392E721B2350A000F28F9 /* day25.txt */ = {isa = PBXFileReference; lastKnownFileType = text; path = day25.txt; sourceTree = "<group>"; };
		314392E821B2350A000F28F9 /* day4.txt */ = {isa = PBXFileReference; lastKnownFileType = text; path = day4.txt; sourceTree = "<group>"; };
		314392E921B2350A000F28F9 /* day19.txt */ = {isa = PBXFileReference; lastKnownFileType = text; path = day19.txt; sourceTree = "<group>"; };
		314392EA21B2350A000F28F9 /* day18.txt */ = {isa = PBXFileReference; lastKnownFileType = text; path = day18.txt; sourceTree = "<group>"; };
		314392EB21B2350A000F28F9 /* day5.txt */ = {isa = PBXFileReference; lastKnownFileType = text; path = day5.txt; sourceTree = "<group>"; };
		314392EC21B2350A000F28F9 /* day24.txt */ = {isa = PBXFileReference; lastKnownFileType = text; path = day24.txt; sourceTree = "<group>"; };
		314392ED21B2350A000F28F9 /* day1.txt */ = {isa = PBXFileReference; lastKnownFileType = text; path = day1.txt; sourceTree = "<group>"; };
		314392EE21B2350A000F28F9 /* day20.txt */ = {isa = PBXFileReference; lastKnownFileType = text; path = day20.txt; sourceTree = "<group>"; };
		314392EF21B2350A000F28F9 /* day21.txt */ = {isa = PBXFileReference; lastKnownFileType = text; path = day21.txt; sourceTree = "<group>"; };
		314392F021B2350A000F28F9 /* day2.txt */ = {isa = PBXFileReference; lastKnownFileType = text; path = day2.txt; sourceTree = "<group>"; };
		314392F121B2350A000F28F9 /* day23.txt */ = {isa = PBXFileReference; lastKnownFileType = text; path = day23.txt; sourceTree = "<group>"; };
		314392F221B2350A000F28F9 /* day22.txt */ = {isa = PBXFileReference; lastKnownFileType = text; path = day22.txt; sourceTree = "<group>"; };
		314392F421B23548000F28F9 /* Day118.swift */ = {isa = PBXFileReference; lastKnownFileType = sourcecode.swift; path = Day118.swift; sourceTree = "<group>"; };
		315684C21FE0B101009234CE /* Day3.swift */ = {isa = PBXFileReference; lastKnownFileType = sourcecode.swift; path = Day3.swift; sourceTree = "<group>"; };
		315684C41FE0B12F009234CE /* day2.txt */ = {isa = PBXFileReference; lastKnownFileType = text; path = day2.txt; sourceTree = "<group>"; };
		315B6A091FE751430026AF73 /* Day9.swift */ = {isa = PBXFileReference; lastKnownFileType = sourcecode.swift; path = Day9.swift; sourceTree = "<group>"; };
		315B6A0B1FE765EC0026AF73 /* Day10.swift */ = {isa = PBXFileReference; lastKnownFileType = sourcecode.swift; path = Day10.swift; sourceTree = "<group>"; };
		315B6A0D1FE77F980026AF73 /* day18.txt */ = {isa = PBXFileReference; lastKnownFileType = text; path = day18.txt; sourceTree = "<group>"; };
		315B6A0E1FE77FA40026AF73 /* Day18.swift */ = {isa = PBXFileReference; lastKnownFileType = sourcecode.swift; path = Day18.swift; sourceTree = "<group>"; };
		31635F8A1FE4F52A004ADA7F /* day16.txt */ = {isa = PBXFileReference; lastKnownFileType = text; path = day16.txt; sourceTree = "<group>"; };
		31635F8B1FE4F5FD004ADA7F /* Day16.swift */ = {isa = PBXFileReference; lastKnownFileType = sourcecode.swift; path = Day16.swift; sourceTree = "<group>"; };
		3175D12C238F2AE8007FAB8E /* day13.txt */ = {isa = PBXFileReference; lastKnownFileType = text; path = day13.txt; sourceTree = "<group>"; };
		3175D12D238F2AE8007FAB8E /* day12.txt */ = {isa = PBXFileReference; lastKnownFileType = text; path = day12.txt; sourceTree = "<group>"; };
		3175D12E238F2AE8007FAB8E /* day10.txt */ = {isa = PBXFileReference; lastKnownFileType = text; path = day10.txt; sourceTree = "<group>"; };
		3175D12F238F2AE8007FAB8E /* day11.txt */ = {isa = PBXFileReference; lastKnownFileType = text; path = day11.txt; sourceTree = "<group>"; };
		3175D130238F2AE8007FAB8E /* day15.txt */ = {isa = PBXFileReference; lastKnownFileType = text; path = day15.txt; sourceTree = "<group>"; };
		3175D131238F2AE8007FAB8E /* day8.txt */ = {isa = PBXFileReference; lastKnownFileType = text; path = day8.txt; sourceTree = "<group>"; };
		3175D132238F2AE8007FAB8E /* day9.txt */ = {isa = PBXFileReference; lastKnownFileType = text; path = day9.txt; sourceTree = "<group>"; };
		3175D133238F2AE8007FAB8E /* day14.txt */ = {isa = PBXFileReference; lastKnownFileType = text; path = day14.txt; sourceTree = "<group>"; };
		3175D134238F2AE8007FAB8E /* day16.txt */ = {isa = PBXFileReference; lastKnownFileType = text; path = day16.txt; sourceTree = "<group>"; };
		3175D135238F2AE8007FAB8E /* day17.txt */ = {isa = PBXFileReference; lastKnownFileType = text; path = day17.txt; sourceTree = "<group>"; };
		3175D136238F2AE8007FAB8E /* day7.txt */ = {isa = PBXFileReference; lastKnownFileType = text; path = day7.txt; sourceTree = "<group>"; };
		3175D137238F2AE8007FAB8E /* day6.txt */ = {isa = PBXFileReference; lastKnownFileType = text; path = day6.txt; sourceTree = "<group>"; };
		3175D138238F2AE8007FAB8E /* day25.txt */ = {isa = PBXFileReference; lastKnownFileType = text; path = day25.txt; sourceTree = "<group>"; };
		3175D139238F2AE8007FAB8E /* day4.txt */ = {isa = PBXFileReference; lastKnownFileType = text; path = day4.txt; sourceTree = "<group>"; };
		3175D13A238F2AE8007FAB8E /* day19.txt */ = {isa = PBXFileReference; lastKnownFileType = text; path = day19.txt; sourceTree = "<group>"; };
		3175D13B238F2AE8007FAB8E /* day18.txt */ = {isa = PBXFileReference; lastKnownFileType = text; path = day18.txt; sourceTree = "<group>"; };
		3175D13C238F2AE8007FAB8E /* day5.txt */ = {isa = PBXFileReference; lastKnownFileType = text; path = day5.txt; sourceTree = "<group>"; };
		3175D13D238F2AE8007FAB8E /* day24.txt */ = {isa = PBXFileReference; lastKnownFileType = text; path = day24.txt; sourceTree = "<group>"; };
		3175D13E238F2AE8007FAB8E /* day1.txt */ = {isa = PBXFileReference; lastKnownFileType = text; path = day1.txt; sourceTree = "<group>"; };
		3175D13F238F2AE8007FAB8E /* day20.txt */ = {isa = PBXFileReference; lastKnownFileType = text; path = day20.txt; sourceTree = "<group>"; };
		3175D140238F2AE8007FAB8E /* day21.txt */ = {isa = PBXFileReference; lastKnownFileType = text; path = day21.txt; sourceTree = "<group>"; };
		3175D141238F2AE8007FAB8E /* day2.txt */ = {isa = PBXFileReference; lastKnownFileType = text; path = day2.txt; sourceTree = "<group>"; };
		3175D142238F2AE8007FAB8E /* day23.txt */ = {isa = PBXFileReference; lastKnownFileType = text; path = day23.txt; sourceTree = "<group>"; };
		3175D143238F2AE8007FAB8E /* day22.txt */ = {isa = PBXFileReference; lastKnownFileType = text; path = day22.txt; sourceTree = "<group>"; };
		3175D144238F2AE8007FAB8E /* day3.txt */ = {isa = PBXFileReference; lastKnownFileType = text; path = day3.txt; sourceTree = "<group>"; };
		3175D145238F3190007FAB8E /* Day1118.swift */ = {isa = PBXFileReference; lastKnownFileType = sourcecode.swift; path = Day1118.swift; sourceTree = "<group>"; };
		317C72C821BCD7B400C89EE1 /* Day918.swift */ = {isa = PBXFileReference; lastKnownFileType = sourcecode.swift; path = Day918.swift; sourceTree = "<group>"; };
		318667AC238F29F5005DAACC /* Day619.swift */ = {isa = PBXFileReference; fileEncoding = 4; lastKnownFileType = sourcecode.swift; path = Day619.swift; sourceTree = "<group>"; };
		318667AD238F29F5005DAACC /* Day2219.swift */ = {isa = PBXFileReference; fileEncoding = 4; lastKnownFileType = sourcecode.swift; path = Day2219.swift; sourceTree = "<group>"; };
		318667AE238F29F5005DAACC /* Day519.swift */ = {isa = PBXFileReference; fileEncoding = 4; lastKnownFileType = sourcecode.swift; path = Day519.swift; sourceTree = "<group>"; };
		318667AF238F29F5005DAACC /* Day2119.swift */ = {isa = PBXFileReference; fileEncoding = 4; lastKnownFileType = sourcecode.swift; path = Day2119.swift; sourceTree = "<group>"; };
		318667B0238F29F5005DAACC /* Day2519.swift */ = {isa = PBXFileReference; fileEncoding = 4; lastKnownFileType = sourcecode.swift; path = Day2519.swift; sourceTree = "<group>"; };
		318667B1238F29F5005DAACC /* Day1319.swift */ = {isa = PBXFileReference; fileEncoding = 4; lastKnownFileType = sourcecode.swift; path = Day1319.swift; sourceTree = "<group>"; };
		318667B2238F29F5005DAACC /* Day2319.swift */ = {isa = PBXFileReference; fileEncoding = 4; lastKnownFileType = sourcecode.swift; path = Day2319.swift; sourceTree = "<group>"; };
		318667B3238F29F5005DAACC /* Day819.swift */ = {isa = PBXFileReference; fileEncoding = 4; lastKnownFileType = sourcecode.swift; path = Day819.swift; sourceTree = "<group>"; };
		318667B4238F29F5005DAACC /* Day2019.swift */ = {isa = PBXFileReference; fileEncoding = 4; lastKnownFileType = sourcecode.swift; path = Day2019.swift; sourceTree = "<group>"; };
		318667B5238F29F5005DAACC /* Day1019.swift */ = {isa = PBXFileReference; fileEncoding = 4; lastKnownFileType = sourcecode.swift; path = Day1019.swift; sourceTree = "<group>"; };
		318667B6238F29F5005DAACC /* Day1119.swift */ = {isa = PBXFileReference; fileEncoding = 4; lastKnownFileType = sourcecode.swift; path = Day1119.swift; sourceTree = "<group>"; };
		318667B7238F29F5005DAACC /* Day719.swift */ = {isa = PBXFileReference; fileEncoding = 4; lastKnownFileType = sourcecode.swift; path = Day719.swift; sourceTree = "<group>"; };
		318667B8238F29F5005DAACC /* Day119.swift */ = {isa = PBXFileReference; fileEncoding = 4; lastKnownFileType = sourcecode.swift; path = Day119.swift; sourceTree = "<group>"; };
		318667B9238F29F5005DAACC /* Day1919.swift */ = {isa = PBXFileReference; fileEncoding = 4; lastKnownFileType = sourcecode.swift; path = Day1919.swift; sourceTree = "<group>"; };
		318667BA238F29F5005DAACC /* Day419.swift */ = {isa = PBXFileReference; fileEncoding = 4; lastKnownFileType = sourcecode.swift; path = Day419.swift; sourceTree = "<group>"; };
		318667BB238F29F5005DAACC /* Day1519.swift */ = {isa = PBXFileReference; fileEncoding = 4; lastKnownFileType = sourcecode.swift; path = Day1519.swift; sourceTree = "<group>"; };
		318667BC238F29F5005DAACC /* Day1619.swift */ = {isa = PBXFileReference; fileEncoding = 4; lastKnownFileType = sourcecode.swift; path = Day1619.swift; sourceTree = "<group>"; };
		318667BD238F29F5005DAACC /* Day1819.swift */ = {isa = PBXFileReference; fileEncoding = 4; lastKnownFileType = sourcecode.swift; path = Day1819.swift; sourceTree = "<group>"; };
		318667BE238F29F5005DAACC /* Day919.swift */ = {isa = PBXFileReference; fileEncoding = 4; lastKnownFileType = sourcecode.swift; path = Day919.swift; sourceTree = "<group>"; };
		318667BF238F29F5005DAACC /* Day1219.swift */ = {isa = PBXFileReference; fileEncoding = 4; lastKnownFileType = sourcecode.swift; path = Day1219.swift; sourceTree = "<group>"; };
		318667C0238F29F5005DAACC /* Day2419.swift */ = {isa = PBXFileReference; fileEncoding = 4; lastKnownFileType = sourcecode.swift; path = Day2419.swift; sourceTree = "<group>"; };
		318667C1238F29F5005DAACC /* Day219.swift */ = {isa = PBXFileReference; fileEncoding = 4; lastKnownFileType = sourcecode.swift; path = Day219.swift; sourceTree = "<group>"; };
		318667C2238F29F5005DAACC /* Day1419.swift */ = {isa = PBXFileReference; fileEncoding = 4; lastKnownFileType = sourcecode.swift; path = Day1419.swift; sourceTree = "<group>"; };
		318667C3238F29F5005DAACC /* Day319.swift */ = {isa = PBXFileReference; fileEncoding = 4; lastKnownFileType = sourcecode.swift; path = Day319.swift; sourceTree = "<group>"; };
		318667C4238F29F5005DAACC /* Day1719.swift */ = {isa = PBXFileReference; fileEncoding = 4; lastKnownFileType = sourcecode.swift; path = Day1719.swift; sourceTree = "<group>"; };
		318AC3261FE062A900A98B5E /* AdventOfCode */ = {isa = PBXFileReference; explicitFileType = "compiled.mach-o.executable"; includeInIndex = 0; path = AdventOfCode; sourceTree = BUILT_PRODUCTS_DIR; };
		318AC3291FE062A900A98B5E /* main.swift */ = {isa = PBXFileReference; lastKnownFileType = sourcecode.swift; path = main.swift; sourceTree = "<group>"; };
		318AC3301FE062BE00A98B5E /* Day12.swift */ = {isa = PBXFileReference; lastKnownFileType = sourcecode.swift; path = Day12.swift; sourceTree = "<group>"; };
		318AC3321FE062C700A98B5E /* Helpers.swift */ = {isa = PBXFileReference; lastKnownFileType = sourcecode.swift; path = Helpers.swift; sourceTree = "<group>"; };
		319347251FE088B600D4EC4F /* day12.txt */ = {isa = PBXFileReference; lastKnownFileType = text; path = day12.txt; sourceTree = "<group>"; };
		319347261FE088B600D4EC4F /* day4.txt */ = {isa = PBXFileReference; lastKnownFileType = text; path = day4.txt; sourceTree = "<group>"; };
		319347271FE088B600D4EC4F /* day1.txt */ = {isa = PBXFileReference; lastKnownFileType = text; path = day1.txt; sourceTree = "<group>"; };
		319347281FE0897B00D4EC4F /* Day1.swift */ = {isa = PBXFileReference; lastKnownFileType = sourcecode.swift; path = Day1.swift; sourceTree = "<group>"; };
		3193472A1FE0899B00D4EC4F /* Day.swift */ = {isa = PBXFileReference; lastKnownFileType = sourcecode.swift; path = Day.swift; sourceTree = "<group>"; };
		3193472C1FE0AA2000D4EC4F /* Day2.swift */ = {isa = PBXFileReference; lastKnownFileType = sourcecode.swift; path = Day2.swift; sourceTree = "<group>"; };
		31A87E1B1FE4879600FF85D3 /* Day15.swift */ = {isa = PBXFileReference; lastKnownFileType = sourcecode.swift; path = Day15.swift; sourceTree = "<group>"; };
		31A87E1D1FE487E600FF85D3 /* day13.txt */ = {isa = PBXFileReference; lastKnownFileType = text; path = day13.txt; sourceTree = "<group>"; };
		31A87E1E1FE487E600FF85D3 /* day15.txt */ = {isa = PBXFileReference; lastKnownFileType = text; path = day15.txt; sourceTree = "<group>"; };
		31A87E1F1FE4964700FF85D3 /* Day4.swift */ = {isa = PBXFileReference; lastKnownFileType = sourcecode.swift; path = Day4.swift; sourceTree = "<group>"; };
		31A87E211FE49C4E00FF85D3 /* day7.txt */ = {isa = PBXFileReference; lastKnownFileType = text; path = day7.txt; sourceTree = "<group>"; };
		31A87E221FE49C6C00FF85D3 /* day8.txt */ = {isa = PBXFileReference; lastKnownFileType = text; path = day8.txt; sourceTree = "<group>"; };
		31A87E231FE49CF400FF85D3 /* day9.txt */ = {isa = PBXFileReference; lastKnownFileType = text; path = day9.txt; sourceTree = "<group>"; };
		31A87E241FE49D1600FF85D3 /* day10.txt */ = {isa = PBXFileReference; lastKnownFileType = text; path = day10.txt; sourceTree = "<group>"; };
		31A87E251FE49D3200FF85D3 /* day11.txt */ = {isa = PBXFileReference; lastKnownFileType = text; path = day11.txt; sourceTree = "<group>"; };
		31A87E261FE49D5500FF85D3 /* day14.txt */ = {isa = PBXFileReference; lastKnownFileType = text; path = day14.txt; sourceTree = "<group>"; };
		31A87E271FE49F9500FF85D3 /* Day7.swift */ = {isa = PBXFileReference; lastKnownFileType = sourcecode.swift; path = Day7.swift; sourceTree = "<group>"; };
		31A87E291FE4A9A200FF85D3 /* Day8.swift */ = {isa = PBXFileReference; lastKnownFileType = sourcecode.swift; path = Day8.swift; sourceTree = "<group>"; };
		31BBF1FD21B8E48D00B3AD33 /* Day618.swift */ = {isa = PBXFileReference; lastKnownFileType = sourcecode.swift; path = Day618.swift; sourceTree = "<group>"; };
		31BD7A4D21B849970056CB6D /* Day518.swift */ = {isa = PBXFileReference; lastKnownFileType = sourcecode.swift; path = Day518.swift; sourceTree = "<group>"; };
		31D3B3BA1FEE19BB0002648A /* day23.txt */ = {isa = PBXFileReference; lastKnownFileType = text; path = day23.txt; sourceTree = "<group>"; };
		31D3B3BB1FEE19C70002648A /* Day23.swift */ = {isa = PBXFileReference; lastKnownFileType = sourcecode.swift; path = Day23.swift; sourceTree = "<group>"; };
		31D5249C200474790058241D /* day1.txt */ = {isa = PBXFileReference; lastKnownFileType = text; path = day1.txt; sourceTree = "<group>"; };
		31D5249D200474980058241D /* Day115.swift */ = {isa = PBXFileReference; lastKnownFileType = sourcecode.swift; path = Day115.swift; sourceTree = "<group>"; };
		31D5249F200478120058241D /* Day215.swift */ = {isa = PBXFileReference; lastKnownFileType = sourcecode.swift; path = Day215.swift; sourceTree = "<group>"; };
		31D524A12004782E0058241D /* day2.txt */ = {isa = PBXFileReference; lastKnownFileType = text; path = day2.txt; sourceTree = "<group>"; };
		31D524A220047DE90058241D /* Day315.swift */ = {isa = PBXFileReference; lastKnownFileType = sourcecode.swift; path = Day315.swift; sourceTree = "<group>"; };
		31D524A420047DF40058241D /* day3.txt */ = {isa = PBXFileReference; lastKnownFileType = text; path = day3.txt; sourceTree = "<group>"; };
		31D524A9200483990058241D /* Day415.swift */ = {isa = PBXFileReference; lastKnownFileType = sourcecode.swift; path = Day415.swift; sourceTree = "<group>"; };
		31D524AB2004880E0058241D /* day5.txt */ = {isa = PBXFileReference; lastKnownFileType = text; path = day5.txt; sourceTree = "<group>"; };
		31D524AC200488260058241D /* Day515.swift */ = {isa = PBXFileReference; lastKnownFileType = sourcecode.swift; path = Day515.swift; sourceTree = "<group>"; };
		31DE12B81FE6281500C48F43 /* Day6.swift */ = {isa = PBXFileReference; lastKnownFileType = sourcecode.swift; path = Day6.swift; sourceTree = "<group>"; };
		31DE12BA1FE631BC00C48F43 /* day17.txt */ = {isa = PBXFileReference; lastKnownFileType = text; path = day17.txt; sourceTree = "<group>"; };
		31DE12BB1FE631C600C48F43 /* Day17.swift */ = {isa = PBXFileReference; lastKnownFileType = sourcecode.swift; path = Day17.swift; sourceTree = "<group>"; };
		31E0CB8621BB407D00998B50 /* Day718.swift */ = {isa = PBXFileReference; lastKnownFileType = sourcecode.swift; path = Day718.swift; sourceTree = "<group>"; };
		31E801E421B712710031C2B3 /* Day418.swift */ = {isa = PBXFileReference; lastKnownFileType = sourcecode.swift; path = Day418.swift; sourceTree = "<group>"; };
		31F7E4F71FEDBD6000B397E8 /* day22.txt */ = {isa = PBXFileReference; lastKnownFileType = text; path = day22.txt; sourceTree = "<group>"; };
		31F7E4F81FEDBD9C00B397E8 /* Day22.swift */ = {isa = PBXFileReference; lastKnownFileType = sourcecode.swift; path = Day22.swift; sourceTree = "<group>"; };
/* End PBXFileReference section */

/* Begin PBXFrameworksBuildPhase section */
		318AC3231FE062A900A98B5E /* Frameworks */ = {
			isa = PBXFrameworksBuildPhase;
			buildActionMask = 2147483647;
			files = (
				312A787A239A1B72002B9FC4 /* SwiftGraph in Frameworks */,
			);
			runOnlyForDeploymentPostprocessing = 0;
		};
/* End PBXFrameworksBuildPhase section */

/* Begin PBXGroup section */
		311E36F820047356006FE47E /* 2017 */ = {
			isa = PBXGroup;
			children = (
				319347281FE0897B00D4EC4F /* Day1.swift */,
				3193472C1FE0AA2000D4EC4F /* Day2.swift */,
				315684C21FE0B101009234CE /* Day3.swift */,
				31A87E1F1FE4964700FF85D3 /* Day4.swift */,
				3136B8621FE0D94100CB98FE /* Day5.swift */,
				31DE12B81FE6281500C48F43 /* Day6.swift */,
				31A87E271FE49F9500FF85D3 /* Day7.swift */,
				31A87E291FE4A9A200FF85D3 /* Day8.swift */,
				315B6A091FE751430026AF73 /* Day9.swift */,
				315B6A0B1FE765EC0026AF73 /* Day10.swift */,
				314051BF1FF260B20084D053 /* Day11.swift */,
				318AC3301FE062BE00A98B5E /* Day12.swift */,
				314051C11FF26E4E0084D053 /* Day13.swift */,
				314051C31FF2806F0084D053 /* Day14.swift */,
				31A87E1B1FE4879600FF85D3 /* Day15.swift */,
				31635F8B1FE4F5FD004ADA7F /* Day16.swift */,
				31DE12BB1FE631C600C48F43 /* Day17.swift */,
				315B6A0E1FE77FA40026AF73 /* Day18.swift */,
				314051C51FF29B1C0084D053 /* Day19.swift */,
				314051C91FF2A8AE0084D053 /* Day20.swift */,
				314051CC1FF2E6F00084D053 /* Day21.swift */,
				31F7E4F81FEDBD9C00B397E8 /* Day22.swift */,
				31D3B3BB1FEE19C70002648A /* Day23.swift */,
				31202D951FEF8DE0009B2C2E /* Day24.swift */,
				313240D21FF0BD3400E3B690 /* Day25.swift */,
			);
			path = 2017;
			sourceTree = "<group>";
		};
		314392DA21B2350A000F28F9 /* 2018 */ = {
			isa = PBXGroup;
			children = (
				314392ED21B2350A000F28F9 /* day1.txt */,
				314392F021B2350A000F28F9 /* day2.txt */,
				3109AA1321B4EE89006A24D0 /* day3.txt */,
				314392E821B2350A000F28F9 /* day4.txt */,
				314392EB21B2350A000F28F9 /* day5.txt */,
				314392E621B2350A000F28F9 /* day6.txt */,
				314392E521B2350A000F28F9 /* day7.txt */,
				314392E021B2350A000F28F9 /* day8.txt */,
				314392E121B2350A000F28F9 /* day9.txt */,
				314392DD21B2350A000F28F9 /* day10.txt */,
				314392DE21B2350A000F28F9 /* day11.txt */,
				314392DC21B2350A000F28F9 /* day12.txt */,
				314392DB21B2350A000F28F9 /* day13.txt */,
				314392E221B2350A000F28F9 /* day14.txt */,
				314392DF21B2350A000F28F9 /* day15.txt */,
				314392E321B2350A000F28F9 /* day16.txt */,
				314392E421B2350A000F28F9 /* day17.txt */,
				314392EA21B2350A000F28F9 /* day18.txt */,
				314392E921B2350A000F28F9 /* day19.txt */,
				314392EE21B2350A000F28F9 /* day20.txt */,
				314392EF21B2350A000F28F9 /* day21.txt */,
				314392F221B2350A000F28F9 /* day22.txt */,
				314392F121B2350A000F28F9 /* day23.txt */,
				314392EC21B2350A000F28F9 /* day24.txt */,
				314392E721B2350A000F28F9 /* day25.txt */,
			);
			path = 2018;
			sourceTree = "<group>";
		};
		314392F321B2351E000F28F9 /* 2018 */ = {
			isa = PBXGroup;
			children = (
				314392F421B23548000F28F9 /* Day118.swift */,
				311931C221B39C7200A4A116 /* Day218.swift */,
				3109AA1121B4EE53006A24D0 /* Day318.swift */,
				31E801E421B712710031C2B3 /* Day418.swift */,
				31BD7A4D21B849970056CB6D /* Day518.swift */,
				31BBF1FD21B8E48D00B3AD33 /* Day618.swift */,
				31E0CB8621BB407D00998B50 /* Day718.swift */,
				317C72C821BCD7B400C89EE1 /* Day918.swift */,
				3103B7A721BF3C9700301245 /* Day1018.swift */,
				3175D145238F3190007FAB8E /* Day1118.swift */,
			);
			path = 2018;
			sourceTree = "<group>";
		};
		3175D12B238F2AE8007FAB8E /* 2019 */ = {
			isa = PBXGroup;
			children = (
				3175D13E238F2AE8007FAB8E /* day1.txt */,
				3175D141238F2AE8007FAB8E /* day2.txt */,
				3175D144238F2AE8007FAB8E /* day3.txt */,
				3175D139238F2AE8007FAB8E /* day4.txt */,
				3175D13C238F2AE8007FAB8E /* day5.txt */,
				3175D137238F2AE8007FAB8E /* day6.txt */,
				3175D136238F2AE8007FAB8E /* day7.txt */,
				3175D131238F2AE8007FAB8E /* day8.txt */,
				3175D132238F2AE8007FAB8E /* day9.txt */,
				3175D12E238F2AE8007FAB8E /* day10.txt */,
				3175D12F238F2AE8007FAB8E /* day11.txt */,
				3175D12D238F2AE8007FAB8E /* day12.txt */,
				3175D12C238F2AE8007FAB8E /* day13.txt */,
				3175D133238F2AE8007FAB8E /* day14.txt */,
				3175D130238F2AE8007FAB8E /* day15.txt */,
				3175D134238F2AE8007FAB8E /* day16.txt */,
				3175D135238F2AE8007FAB8E /* day17.txt */,
				3175D13B238F2AE8007FAB8E /* day18.txt */,
				3175D13A238F2AE8007FAB8E /* day19.txt */,
				3175D13F238F2AE8007FAB8E /* day20.txt */,
				3175D140238F2AE8007FAB8E /* day21.txt */,
				3175D143238F2AE8007FAB8E /* day22.txt */,
				3175D142238F2AE8007FAB8E /* day23.txt */,
				3175D13D238F2AE8007FAB8E /* day24.txt */,
				3175D138238F2AE8007FAB8E /* day25.txt */,
			);
			path = 2019;
			sourceTree = "<group>";
		};
		318667AB238F26E3005DAACC /* 2019 */ = {
			isa = PBXGroup;
			children = (
				318667B8238F29F5005DAACC /* Day119.swift */,
				318667C1238F29F5005DAACC /* Day219.swift */,
				318667C3238F29F5005DAACC /* Day319.swift */,
				318667BA238F29F5005DAACC /* Day419.swift */,
				318667AE238F29F5005DAACC /* Day519.swift */,
				318667AC238F29F5005DAACC /* Day619.swift */,
				318667B7238F29F5005DAACC /* Day719.swift */,
				318667B3238F29F5005DAACC /* Day819.swift */,
				318667BE238F29F5005DAACC /* Day919.swift */,
				318667B5238F29F5005DAACC /* Day1019.swift */,
				318667B6238F29F5005DAACC /* Day1119.swift */,
				318667BF238F29F5005DAACC /* Day1219.swift */,
				318667B1238F29F5005DAACC /* Day1319.swift */,
				318667C2238F29F5005DAACC /* Day1419.swift */,
				318667BB238F29F5005DAACC /* Day1519.swift */,
				318667BC238F29F5005DAACC /* Day1619.swift */,
				318667C4238F29F5005DAACC /* Day1719.swift */,
				318667BD238F29F5005DAACC /* Day1819.swift */,
				318667B9238F29F5005DAACC /* Day1919.swift */,
				318667B4238F29F5005DAACC /* Day2019.swift */,
				318667AF238F29F5005DAACC /* Day2119.swift */,
				318667AD238F29F5005DAACC /* Day2219.swift */,
				318667B2238F29F5005DAACC /* Day2319.swift */,
				318667C0238F29F5005DAACC /* Day2419.swift */,
				318667B0238F29F5005DAACC /* Day2519.swift */,
			);
			path = 2019;
			sourceTree = "<group>";
		};
		318AC31D1FE062A900A98B5E = {
			isa = PBXGroup;
			children = (
				318AC3281FE062A900A98B5E /* AdventOfCode */,
				318AC3271FE062A900A98B5E /* Products */,
			);
			sourceTree = "<group>";
		};
		318AC3271FE062A900A98B5E /* Products */ = {
			isa = PBXGroup;
			children = (
				318AC3261FE062A900A98B5E /* AdventOfCode */,
			);
			name = Products;
			sourceTree = "<group>";
		};
		318AC3281FE062A900A98B5E /* AdventOfCode */ = {
			isa = PBXGroup;
			children = (
				31D5249A200474040058241D /* 2015 */,
				311E36F820047356006FE47E /* 2017 */,
				314392F321B2351E000F28F9 /* 2018 */,
				318667AB238F26E3005DAACC /* 2019 */,
				319347241FE088B600D4EC4F /* Inputs */,
				318AC3291FE062A900A98B5E /* main.swift */,
				3193472A1FE0899B00D4EC4F /* Day.swift */,
				318AC3321FE062C700A98B5E /* Helpers.swift */,
			);
			path = AdventOfCode;
			sourceTree = "<group>";
		};
		319347241FE088B600D4EC4F /* Inputs */ = {
			isa = PBXGroup;
			children = (
				31D5249B2004740F0058241D /* 2015 */,
				31D52499200473BB0058241D /* 2017 */,
				314392DA21B2350A000F28F9 /* 2018 */,
				3175D12B238F2AE8007FAB8E /* 2019 */,
			);
			path = Inputs;
			sourceTree = SOURCE_ROOT;
		};
		31D52499200473BB0058241D /* 2017 */ = {
			isa = PBXGroup;
			children = (
				319347271FE088B600D4EC4F /* day1.txt */,
				315684C41FE0B12F009234CE /* day2.txt */,
				319347261FE088B600D4EC4F /* day4.txt */,
				3136B8641FE0E07200CB98FE /* day5.txt */,
				3136B8651FE0E07200CB98FE /* day6.txt */,
				31A87E211FE49C4E00FF85D3 /* day7.txt */,
				31A87E221FE49C6C00FF85D3 /* day8.txt */,
				31A87E231FE49CF400FF85D3 /* day9.txt */,
				31A87E241FE49D1600FF85D3 /* day10.txt */,
				31A87E251FE49D3200FF85D3 /* day11.txt */,
				319347251FE088B600D4EC4F /* day12.txt */,
				31A87E1D1FE487E600FF85D3 /* day13.txt */,
				31A87E261FE49D5500FF85D3 /* day14.txt */,
				31A87E1E1FE487E600FF85D3 /* day15.txt */,
				31635F8A1FE4F52A004ADA7F /* day16.txt */,
				31DE12BA1FE631BC00C48F43 /* day17.txt */,
				315B6A0D1FE77F980026AF73 /* day18.txt */,
				314051C71FF29C3D0084D053 /* day19.txt */,
				314051C81FF2A8360084D053 /* day20.txt */,
				314051CB1FF2E6DE0084D053 /* day21.txt */,
				31F7E4F71FEDBD6000B397E8 /* day22.txt */,
				31D3B3BA1FEE19BB0002648A /* day23.txt */,
				31202D941FEF8DBC009B2C2E /* day24.txt */,
				313240D11FF0BD2700E3B690 /* day25.txt */,
			);
			name = 2017;
			path = Inputs/2017;
			sourceTree = SOURCE_ROOT;
		};
		31D5249A200474040058241D /* 2015 */ = {
			isa = PBXGroup;
			children = (
				31D5249D200474980058241D /* Day115.swift */,
				31D5249F200478120058241D /* Day215.swift */,
				31D524A220047DE90058241D /* Day315.swift */,
				31D524A9200483990058241D /* Day415.swift */,
				31D524AC200488260058241D /* Day515.swift */,
				312C9FD8200D496B00F8C0F4 /* Day615.swift */,
			);
			path = 2015;
			sourceTree = "<group>";
		};
		31D5249B2004740F0058241D /* 2015 */ = {
			isa = PBXGroup;
			children = (
				31D5249C200474790058241D /* day1.txt */,
				31D524A12004782E0058241D /* day2.txt */,
				31D524A420047DF40058241D /* day3.txt */,
				31D524AB2004880E0058241D /* day5.txt */,
				312C9FD7200D495F00F8C0F4 /* day6.txt */,
			);
			name = 2015;
			path = Inputs/2015;
			sourceTree = SOURCE_ROOT;
		};
/* End PBXGroup section */

/* Begin PBXNativeTarget section */
		318AC3251FE062A900A98B5E /* AdventOfCode */ = {
			isa = PBXNativeTarget;
			buildConfigurationList = 318AC32D1FE062A900A98B5E /* Build configuration list for PBXNativeTarget "AdventOfCode" */;
			buildPhases = (
				318AC3221FE062A900A98B5E /* Sources */,
				318AC3231FE062A900A98B5E /* Frameworks */,
				318AC3241FE062A900A98B5E /* CopyFiles */,
			);
			buildRules = (
			);
			dependencies = (
			);
			name = AdventOfCode;
			packageProductDependencies = (
				312A7879239A1B72002B9FC4 /* SwiftGraph */,
			);
			productName = AdventOfCode;
			productReference = 318AC3261FE062A900A98B5E /* AdventOfCode */;
			productType = "com.apple.product-type.tool";
		};
/* End PBXNativeTarget section */

/* Begin PBXProject section */
		318AC31E1FE062A900A98B5E /* Project object */ = {
			isa = PBXProject;
			attributes = {
				LastSwiftUpdateCheck = 0920;
				LastUpgradeCheck = 1110;
				ORGANIZATIONNAME = "Jon Shier";
				TargetAttributes = {
					318AC3251FE062A900A98B5E = {
						CreatedOnToolsVersion = 9.2;
						LastSwiftMigration = 1110;
						ProvisioningStyle = Automatic;
					};
				};
			};
			buildConfigurationList = 318AC3211FE062A900A98B5E /* Build configuration list for PBXProject "AdventOfCode" */;
			compatibilityVersion = "Xcode 11.0";
			developmentRegion = en;
			hasScannedForEncodings = 0;
			knownRegions = (
				en,
				Base,
			);
			mainGroup = 318AC31D1FE062A900A98B5E;
			packageReferences = (
				312A7878239A1B72002B9FC4 /* XCRemoteSwiftPackageReference "SwiftGraph" */,
			);
			productRefGroup = 318AC3271FE062A900A98B5E /* Products */;
			projectDirPath = "";
			projectRoot = "";
			targets = (
				318AC3251FE062A900A98B5E /* AdventOfCode */,
			);
		};
/* End PBXProject section */

/* Begin PBXSourcesBuildPhase section */
		318AC3221FE062A900A98B5E /* Sources */ = {
			isa = PBXSourcesBuildPhase;
			buildActionMask = 2147483647;
			files = (
				31F7E4F91FEDBD9C00B397E8 /* Day22.swift in Sources */,
				318667CA238F29F5005DAACC /* Day1319.swift in Sources */,
				318667DA238F29F5005DAACC /* Day219.swift in Sources */,
				31202D961FEF8DE0009B2C2E /* Day24.swift in Sources */,
				318667DD238F29F5005DAACC /* Day1719.swift in Sources */,
				31E801E521B712710031C2B3 /* Day418.swift in Sources */,
				318667CF238F29F5005DAACC /* Day1119.swift in Sources */,
				3136B8631FE0D94100CB98FE /* Day5.swift in Sources */,
				318667D4238F29F5005DAACC /* Day1519.swift in Sources */,
				318667D5238F29F5005DAACC /* Day1619.swift in Sources */,
				31DE12BC1FE631C600C48F43 /* Day17.swift in Sources */,
				31BD7A4E21B849970056CB6D /* Day518.swift in Sources */,
				315684C31FE0B101009234CE /* Day3.swift in Sources */,
				31D524AD200488260058241D /* Day515.swift in Sources */,
				3103B7A821BF3C9700301245 /* Day1018.swift in Sources */,
				318667D2238F29F5005DAACC /* Day1919.swift in Sources */,
				31635F8C1FE4F5FD004ADA7F /* Day16.swift in Sources */,
				318667C6238F29F5005DAACC /* Day2219.swift in Sources */,
				318667CE238F29F5005DAACC /* Day1019.swift in Sources */,
				319347291FE0897B00D4EC4F /* Day1.swift in Sources */,
				311931C321B39C7200A4A116 /* Day218.swift in Sources */,
				318667D1238F29F5005DAACC /* Day119.swift in Sources */,
				3193472D1FE0AA2000D4EC4F /* Day2.swift in Sources */,
				314051C21FF26E4E0084D053 /* Day13.swift in Sources */,
				318667DC238F29F5005DAACC /* Day319.swift in Sources */,
				318667DB238F29F5005DAACC /* Day1419.swift in Sources */,
				318667D9238F29F5005DAACC /* Day2419.swift in Sources */,
				314051C41FF2806F0084D053 /* Day14.swift in Sources */,
				318667D8238F29F5005DAACC /* Day1219.swift in Sources */,
				314051C61FF29B1C0084D053 /* Day19.swift in Sources */,
				314051CA1FF2A8AE0084D053 /* Day20.swift in Sources */,
				31DE12B91FE6281500C48F43 /* Day6.swift in Sources */,
				315B6A0F1FE77FA40026AF73 /* Day18.swift in Sources */,
				31D5249E200474980058241D /* Day115.swift in Sources */,
				31A87E281FE49F9500FF85D3 /* Day7.swift in Sources */,
				312C9FD9200D496B00F8C0F4 /* Day615.swift in Sources */,
				318667C9238F29F5005DAACC /* Day2519.swift in Sources */,
				314392F521B23548000F28F9 /* Day118.swift in Sources */,
				318AC32A1FE062A900A98B5E /* main.swift in Sources */,
				31D524A0200478120058241D /* Day215.swift in Sources */,
				31D524A320047DE90058241D /* Day315.swift in Sources */,
				31A87E1C1FE4879600FF85D3 /* Day15.swift in Sources */,
				318667CD238F29F5005DAACC /* Day2019.swift in Sources */,
				318667D3238F29F5005DAACC /* Day419.swift in Sources */,
				313240D31FF0BD3400E3B690 /* Day25.swift in Sources */,
				31A87E2A1FE4A9A200FF85D3 /* Day8.swift in Sources */,
				318667D6238F29F5005DAACC /* Day1819.swift in Sources */,
				318667CC238F29F5005DAACC /* Day819.swift in Sources */,
				318667D7238F29F5005DAACC /* Day919.swift in Sources */,
				31BBF1FE21B8E48D00B3AD33 /* Day618.swift in Sources */,
				3175D146238F3190007FAB8E /* Day1118.swift in Sources */,
				318667D0238F29F5005DAACC /* Day719.swift in Sources */,
				315B6A0C1FE765EC0026AF73 /* Day10.swift in Sources */,
				31A87E201FE4964700FF85D3 /* Day4.swift in Sources */,
				317C72C921BCD7B400C89EE1 /* Day918.swift in Sources */,
				315B6A0A1FE751430026AF73 /* Day9.swift in Sources */,
				318AC3331FE062C700A98B5E /* Helpers.swift in Sources */,
				318667C7238F29F5005DAACC /* Day519.swift in Sources */,
				318667CB238F29F5005DAACC /* Day2319.swift in Sources */,
				3109AA1221B4EE53006A24D0 /* Day318.swift in Sources */,
				314051CD1FF2E6F00084D053 /* Day21.swift in Sources */,
				318667C5238F29F5005DAACC /* Day619.swift in Sources */,
				31D3B3BC1FEE19C70002648A /* Day23.swift in Sources */,
				314051C01FF260B20084D053 /* Day11.swift in Sources */,
				31E0CB8721BB407D00998B50 /* Day718.swift in Sources */,
				3193472B1FE0899B00D4EC4F /* Day.swift in Sources */,
				318AC3311FE062BE00A98B5E /* Day12.swift in Sources */,
				31D524AA200483990058241D /* Day415.swift in Sources */,
				318667C8238F29F5005DAACC /* Day2119.swift in Sources */,
			);
			runOnlyForDeploymentPostprocessing = 0;
		};
/* End PBXSourcesBuildPhase section */

/* Begin XCBuildConfiguration section */
		318AC32B1FE062A900A98B5E /* Debug */ = {
			isa = XCBuildConfiguration;
			buildSettings = {
				ALWAYS_SEARCH_USER_PATHS = NO;
				CLANG_ANALYZER_NONNULL = YES;
				CLANG_ANALYZER_NUMBER_OBJECT_CONVERSION = YES_AGGRESSIVE;
				CLANG_CXX_LANGUAGE_STANDARD = "gnu++14";
				CLANG_CXX_LIBRARY = "libc++";
				CLANG_ENABLE_MODULES = YES;
				CLANG_ENABLE_OBJC_ARC = YES;
				CLANG_WARN_BLOCK_CAPTURE_AUTORELEASING = YES;
				CLANG_WARN_BOOL_CONVERSION = YES;
				CLANG_WARN_COMMA = YES;
				CLANG_WARN_CONSTANT_CONVERSION = YES;
				CLANG_WARN_DEPRECATED_OBJC_IMPLEMENTATIONS = YES;
				CLANG_WARN_DIRECT_OBJC_ISA_USAGE = YES_ERROR;
				CLANG_WARN_DOCUMENTATION_COMMENTS = YES;
				CLANG_WARN_EMPTY_BODY = YES;
				CLANG_WARN_ENUM_CONVERSION = YES;
				CLANG_WARN_INFINITE_RECURSION = YES;
				CLANG_WARN_INT_CONVERSION = YES;
				CLANG_WARN_NON_LITERAL_NULL_CONVERSION = YES;
				CLANG_WARN_OBJC_IMPLICIT_RETAIN_SELF = YES;
				CLANG_WARN_OBJC_LITERAL_CONVERSION = YES;
				CLANG_WARN_OBJC_ROOT_CLASS = YES_ERROR;
				CLANG_WARN_RANGE_LOOP_ANALYSIS = YES;
				CLANG_WARN_STRICT_PROTOTYPES = YES;
				CLANG_WARN_SUSPICIOUS_MOVE = YES;
				CLANG_WARN_UNGUARDED_AVAILABILITY = YES_AGGRESSIVE;
				CLANG_WARN_UNREACHABLE_CODE = YES;
				CLANG_WARN__DUPLICATE_METHOD_MATCH = YES;
				CODE_SIGN_IDENTITY = "-";
				COPY_PHASE_STRIP = NO;
				DEBUG_INFORMATION_FORMAT = dwarf;
				ENABLE_STRICT_OBJC_MSGSEND = YES;
				ENABLE_TESTABILITY = YES;
				GCC_C_LANGUAGE_STANDARD = gnu11;
				GCC_DYNAMIC_NO_PIC = NO;
				GCC_NO_COMMON_BLOCKS = YES;
				GCC_OPTIMIZATION_LEVEL = 0;
				GCC_PREPROCESSOR_DEFINITIONS = (
					"DEBUG=1",
					"$(inherited)",
				);
				GCC_WARN_64_TO_32_BIT_CONVERSION = YES;
				GCC_WARN_ABOUT_RETURN_TYPE = YES_ERROR;
				GCC_WARN_UNDECLARED_SELECTOR = YES;
				GCC_WARN_UNINITIALIZED_AUTOS = YES_AGGRESSIVE;
				GCC_WARN_UNUSED_FUNCTION = YES;
				GCC_WARN_UNUSED_VARIABLE = YES;
				MACOSX_DEPLOYMENT_TARGET = 10.15;
				MTL_ENABLE_DEBUG_INFO = YES;
				ONLY_ACTIVE_ARCH = YES;
				SDKROOT = macosx;
				SWIFT_ACTIVE_COMPILATION_CONDITIONS = DEBUG;
				SWIFT_OPTIMIZATION_LEVEL = "-Onone";
				SWIFT_VERSION = 5.0;
			};
			name = Debug;
		};
		318AC32C1FE062A900A98B5E /* Release */ = {
			isa = XCBuildConfiguration;
			buildSettings = {
				ALWAYS_SEARCH_USER_PATHS = NO;
				CLANG_ANALYZER_NONNULL = YES;
				CLANG_ANALYZER_NUMBER_OBJECT_CONVERSION = YES_AGGRESSIVE;
				CLANG_CXX_LANGUAGE_STANDARD = "gnu++14";
				CLANG_CXX_LIBRARY = "libc++";
				CLANG_ENABLE_MODULES = YES;
				CLANG_ENABLE_OBJC_ARC = YES;
				CLANG_WARN_BLOCK_CAPTURE_AUTORELEASING = YES;
				CLANG_WARN_BOOL_CONVERSION = YES;
				CLANG_WARN_COMMA = YES;
				CLANG_WARN_CONSTANT_CONVERSION = YES;
				CLANG_WARN_DEPRECATED_OBJC_IMPLEMENTATIONS = YES;
				CLANG_WARN_DIRECT_OBJC_ISA_USAGE = YES_ERROR;
				CLANG_WARN_DOCUMENTATION_COMMENTS = YES;
				CLANG_WARN_EMPTY_BODY = YES;
				CLANG_WARN_ENUM_CONVERSION = YES;
				CLANG_WARN_INFINITE_RECURSION = YES;
				CLANG_WARN_INT_CONVERSION = YES;
				CLANG_WARN_NON_LITERAL_NULL_CONVERSION = YES;
				CLANG_WARN_OBJC_IMPLICIT_RETAIN_SELF = YES;
				CLANG_WARN_OBJC_LITERAL_CONVERSION = YES;
				CLANG_WARN_OBJC_ROOT_CLASS = YES_ERROR;
				CLANG_WARN_RANGE_LOOP_ANALYSIS = YES;
				CLANG_WARN_STRICT_PROTOTYPES = YES;
				CLANG_WARN_SUSPICIOUS_MOVE = YES;
				CLANG_WARN_UNGUARDED_AVAILABILITY = YES_AGGRESSIVE;
				CLANG_WARN_UNREACHABLE_CODE = YES;
				CLANG_WARN__DUPLICATE_METHOD_MATCH = YES;
				CODE_SIGN_IDENTITY = "-";
				COPY_PHASE_STRIP = NO;
				DEBUG_INFORMATION_FORMAT = "dwarf-with-dsym";
				ENABLE_NS_ASSERTIONS = NO;
				ENABLE_STRICT_OBJC_MSGSEND = YES;
				GCC_C_LANGUAGE_STANDARD = gnu11;
				GCC_NO_COMMON_BLOCKS = YES;
				GCC_WARN_64_TO_32_BIT_CONVERSION = YES;
				GCC_WARN_ABOUT_RETURN_TYPE = YES_ERROR;
				GCC_WARN_UNDECLARED_SELECTOR = YES;
				GCC_WARN_UNINITIALIZED_AUTOS = YES_AGGRESSIVE;
				GCC_WARN_UNUSED_FUNCTION = YES;
				GCC_WARN_UNUSED_VARIABLE = YES;
				MACOSX_DEPLOYMENT_TARGET = 10.15;
				MTL_ENABLE_DEBUG_INFO = NO;
				SDKROOT = macosx;
				SWIFT_COMPILATION_MODE = wholemodule;
				SWIFT_OPTIMIZATION_LEVEL = "-O";
				SWIFT_VERSION = 5.0;
			};
			name = Release;
		};
		318AC32E1FE062A900A98B5E /* Debug */ = {
			isa = XCBuildConfiguration;
			buildSettings = {
				CLANG_ENABLE_MODULES = YES;
				CODE_SIGN_IDENTITY = "-";
				CODE_SIGN_STYLE = Automatic;
				LD_RUNPATH_SEARCH_PATHS = (
					"$(inherited)",
					"@executable_path/../Frameworks",
					"@loader_path/../Frameworks",
				);
				PRODUCT_BUNDLE_IDENTIFIER = com.jonshier.AdventOfCode;
				PRODUCT_NAME = "$(TARGET_NAME)";
			};
			name = Debug;
		};
		318AC32F1FE062A900A98B5E /* Release */ = {
			isa = XCBuildConfiguration;
			buildSettings = {
				CLANG_ENABLE_MODULES = YES;
				CODE_SIGN_IDENTITY = "-";
				CODE_SIGN_STYLE = Automatic;
				LD_RUNPATH_SEARCH_PATHS = (
					"$(inherited)",
					"@executable_path/../Frameworks",
					"@loader_path/../Frameworks",
				);
				PRODUCT_BUNDLE_IDENTIFIER = com.jonshier.AdventOfCode;
				PRODUCT_NAME = "$(TARGET_NAME)";
			};
			name = Release;
		};
/* End XCBuildConfiguration section */

/* Begin XCConfigurationList section */
		318AC3211FE062A900A98B5E /* Build configuration list for PBXProject "AdventOfCode" */ = {
			isa = XCConfigurationList;
			buildConfigurations = (
				318AC32B1FE062A900A98B5E /* Debug */,
				318AC32C1FE062A900A98B5E /* Release */,
			);
			defaultConfigurationIsVisible = 0;
			defaultConfigurationName = Release;
		};
		318AC32D1FE062A900A98B5E /* Build configuration list for PBXNativeTarget "AdventOfCode" */ = {
			isa = XCConfigurationList;
			buildConfigurations = (
				318AC32E1FE062A900A98B5E /* Debug */,
				318AC32F1FE062A900A98B5E /* Release */,
			);
			defaultConfigurationIsVisible = 0;
			defaultConfigurationName = Release;
		};
/* End XCConfigurationList section */

/* Begin XCRemoteSwiftPackageReference section */
		312A7878239A1B72002B9FC4 /* XCRemoteSwiftPackageReference "SwiftGraph" */ = {
			isa = XCRemoteSwiftPackageReference;
			repositoryURL = "https://github.com/davecom/SwiftGraph.git";
			requirement = {
				kind = upToNextMajorVersion;
				minimumVersion = 3.0.0;
			};
		};
/* End XCRemoteSwiftPackageReference section */

/* Begin XCSwiftPackageProductDependency section */
		312A7879239A1B72002B9FC4 /* SwiftGraph */ = {
			isa = XCSwiftPackageProductDependency;
			package = 312A7878239A1B72002B9FC4 /* XCRemoteSwiftPackageReference "SwiftGraph" */;
			productName = SwiftGraph;
		};
/* End XCSwiftPackageProductDependency section */
	};
	rootObject = 318AC31E1FE062A900A98B5E /* Project object */;
}
